// !$*UTF8*$!
{
	archiveVersion = 1;
	classes = {
	};
	objectVersion = 46;
	objects = {

/* Begin PBXBuildFile section */
		E02883991A30C1CE002242D1 /* AEPriceMatrix.m in Sources */ = {isa = PBXBuildFile; fileRef = E02883971A30C1CE002242D1 /* AEPriceMatrix.m */; };
		E0608F161A7D927A0017C780 /* ADJActivityHandler.m in Sources */ = {isa = PBXBuildFile; fileRef = E0608EF01A7D927A0017C780 /* ADJActivityHandler.m */; };
		E0608F171A7D927A0017C780 /* ADJActivityKind.m in Sources */ = {isa = PBXBuildFile; fileRef = E0608EF21A7D927A0017C780 /* ADJActivityKind.m */; };
		E0608F181A7D927A0017C780 /* ADJActivityPackage.m in Sources */ = {isa = PBXBuildFile; fileRef = E0608EF41A7D927A0017C780 /* ADJActivityPackage.m */; };
		E0608F191A7D927A0017C780 /* ADJActivityState.m in Sources */ = {isa = PBXBuildFile; fileRef = E0608EF61A7D927A0017C780 /* ADJActivityState.m */; };
		E0608F1A1A7D927A0017C780 /* NSString+ADJAdditions.m in Sources */ = {isa = PBXBuildFile; fileRef = E0608EF91A7D927A0017C780 /* NSString+ADJAdditions.m */; };
		E0608F1B1A7D927A0017C780 /* UIDevice+ADJAdditions.m in Sources */ = {isa = PBXBuildFile; fileRef = E0608EFB1A7D927A0017C780 /* UIDevice+ADJAdditions.m */; };
		E0608F1C1A7D927A0017C780 /* ADJAdjustFactory.m in Sources */ = {isa = PBXBuildFile; fileRef = E0608EFD1A7D927A0017C780 /* ADJAdjustFactory.m */; };
		E0608F1D1A7D927A0017C780 /* ADJAttribution.m in Sources */ = {isa = PBXBuildFile; fileRef = E0608EFF1A7D927A0017C780 /* ADJAttribution.m */; };
		E0608F1E1A7D927A0017C780 /* ADJAttributionHandler.m in Sources */ = {isa = PBXBuildFile; fileRef = E0608F011A7D927A0017C780 /* ADJAttributionHandler.m */; };
		E0608F1F1A7D927A0017C780 /* ADJConfig.m in Sources */ = {isa = PBXBuildFile; fileRef = E0608F031A7D927A0017C780 /* ADJConfig.m */; };
		E0608F201A7D927A0017C780 /* ADJDeviceInfo.m in Sources */ = {isa = PBXBuildFile; fileRef = E0608F051A7D927A0017C780 /* ADJDeviceInfo.m */; };
		E0608F211A7D927A0017C780 /* ADJEvent.m in Sources */ = {isa = PBXBuildFile; fileRef = E0608F071A7D927A0017C780 /* ADJEvent.m */; };
		E0608F221A7D927A0017C780 /* ADJLogger.m in Sources */ = {isa = PBXBuildFile; fileRef = E0608F091A7D927A0017C780 /* ADJLogger.m */; };
		E0608F231A7D927A0017C780 /* ADJPackageBuilder.m in Sources */ = {isa = PBXBuildFile; fileRef = E0608F0B1A7D927A0017C780 /* ADJPackageBuilder.m */; };
		E0608F241A7D927A0017C780 /* ADJPackageHandler.m in Sources */ = {isa = PBXBuildFile; fileRef = E0608F0D1A7D927A0017C780 /* ADJPackageHandler.m */; };
		E0608F251A7D927A0017C780 /* ADJRequestHandler.m in Sources */ = {isa = PBXBuildFile; fileRef = E0608F0F1A7D927A0017C780 /* ADJRequestHandler.m */; };
		E0608F261A7D927A0017C780 /* ADJTimer.m in Sources */ = {isa = PBXBuildFile; fileRef = E0608F111A7D927A0017C780 /* ADJTimer.m */; };
		E0608F271A7D927A0017C780 /* Adjust.m in Sources */ = {isa = PBXBuildFile; fileRef = E0608F131A7D927A0017C780 /* Adjust.m */; };
		E0608F281A7D927A0017C780 /* ADJUtil.m in Sources */ = {isa = PBXBuildFile; fileRef = E0608F151A7D927A0017C780 /* ADJUtil.m */; };
		E07D74901A30B15F0039B9F9 /* CoreGraphics.framework in Frameworks */ = {isa = PBXBuildFile; fileRef = E07D748F1A30B15F0039B9F9 /* CoreGraphics.framework */; };
		E07D74921A30B1660039B9F9 /* UIKit.framework in Frameworks */ = {isa = PBXBuildFile; fileRef = E07D74911A30B1650039B9F9 /* UIKit.framework */; };
		E07D74941A30B1700039B9F9 /* Foundation.framework in Frameworks */ = {isa = PBXBuildFile; fileRef = E07D74931A30B1700039B9F9 /* Foundation.framework */; };
		E07D74961A30B1750039B9F9 /* AdSupport.framework in Frameworks */ = {isa = PBXBuildFile; fileRef = E07D74951A30B1750039B9F9 /* AdSupport.framework */; settings = {ATTRIBUTES = (Weak, ); }; };
		E07D74981A30B17A0039B9F9 /* iAd.framework in Frameworks */ = {isa = PBXBuildFile; fileRef = E07D74971A30B17A0039B9F9 /* iAd.framework */; settings = {ATTRIBUTES = (Weak, ); }; };
/* End PBXBuildFile section */

/* Begin PBXCopyFilesBuildPhase section */
		E07D74421A30B0E40039B9F9 /* Copy Files */ = {
			isa = PBXCopyFilesBuildPhase;
			buildActionMask = 2147483647;
			dstPath = "include/$(PRODUCT_NAME)";
			dstSubfolderSpec = 16;
			files = (
			);
			name = "Copy Files";
			runOnlyForDeploymentPostprocessing = 0;
		};
/* End PBXCopyFilesBuildPhase section */

/* Begin PBXFileReference section */
		E02883961A30C1CE002242D1 /* AEPriceMatrix.h */ = {isa = PBXFileReference; fileEncoding = 4; lastKnownFileType = sourcecode.c.h; path = AEPriceMatrix.h; sourceTree = "<group>"; };
		E02883971A30C1CE002242D1 /* AEPriceMatrix.m */ = {isa = PBXFileReference; fileEncoding = 4; lastKnownFileType = sourcecode.c.objc; path = AEPriceMatrix.m; sourceTree = "<group>"; };
		E02883981A30C1CE002242D1 /* AEPriceMatrix.plist */ = {isa = PBXFileReference; fileEncoding = 4; lastKnownFileType = text.plist.xml; path = AEPriceMatrix.plist; sourceTree = "<group>"; };
		E0608EEF1A7D927A0017C780 /* ADJActivityHandler.h */ = {isa = PBXFileReference; fileEncoding = 4; lastKnownFileType = sourcecode.c.h; path = ADJActivityHandler.h; sourceTree = "<group>"; };
		E0608EF01A7D927A0017C780 /* ADJActivityHandler.m */ = {isa = PBXFileReference; fileEncoding = 4; lastKnownFileType = sourcecode.c.objc; path = ADJActivityHandler.m; sourceTree = "<group>"; };
		E0608EF11A7D927A0017C780 /* ADJActivityKind.h */ = {isa = PBXFileReference; fileEncoding = 4; lastKnownFileType = sourcecode.c.h; path = ADJActivityKind.h; sourceTree = "<group>"; };
		E0608EF21A7D927A0017C780 /* ADJActivityKind.m */ = {isa = PBXFileReference; fileEncoding = 4; lastKnownFileType = sourcecode.c.objc; path = ADJActivityKind.m; sourceTree = "<group>"; };
		E0608EF31A7D927A0017C780 /* ADJActivityPackage.h */ = {isa = PBXFileReference; fileEncoding = 4; lastKnownFileType = sourcecode.c.h; path = ADJActivityPackage.h; sourceTree = "<group>"; };
		E0608EF41A7D927A0017C780 /* ADJActivityPackage.m */ = {isa = PBXFileReference; fileEncoding = 4; lastKnownFileType = sourcecode.c.objc; path = ADJActivityPackage.m; sourceTree = "<group>"; };
		E0608EF51A7D927A0017C780 /* ADJActivityState.h */ = {isa = PBXFileReference; fileEncoding = 4; lastKnownFileType = sourcecode.c.h; path = ADJActivityState.h; sourceTree = "<group>"; };
		E0608EF61A7D927A0017C780 /* ADJActivityState.m */ = {isa = PBXFileReference; fileEncoding = 4; lastKnownFileType = sourcecode.c.objc; path = ADJActivityState.m; sourceTree = "<group>"; };
		E0608EF81A7D927A0017C780 /* NSString+ADJAdditions.h */ = {isa = PBXFileReference; fileEncoding = 4; lastKnownFileType = sourcecode.c.h; path = "NSString+ADJAdditions.h"; sourceTree = "<group>"; };
		E0608EF91A7D927A0017C780 /* NSString+ADJAdditions.m */ = {isa = PBXFileReference; fileEncoding = 4; lastKnownFileType = sourcecode.c.objc; path = "NSString+ADJAdditions.m"; sourceTree = "<group>"; };
		E0608EFA1A7D927A0017C780 /* UIDevice+ADJAdditions.h */ = {isa = PBXFileReference; fileEncoding = 4; lastKnownFileType = sourcecode.c.h; path = "UIDevice+ADJAdditions.h"; sourceTree = "<group>"; };
		E0608EFB1A7D927A0017C780 /* UIDevice+ADJAdditions.m */ = {isa = PBXFileReference; fileEncoding = 4; lastKnownFileType = sourcecode.c.objc; path = "UIDevice+ADJAdditions.m"; sourceTree = "<group>"; };
		E0608EFC1A7D927A0017C780 /* ADJAdjustFactory.h */ = {isa = PBXFileReference; fileEncoding = 4; lastKnownFileType = sourcecode.c.h; path = ADJAdjustFactory.h; sourceTree = "<group>"; };
		E0608EFD1A7D927A0017C780 /* ADJAdjustFactory.m */ = {isa = PBXFileReference; fileEncoding = 4; lastKnownFileType = sourcecode.c.objc; path = ADJAdjustFactory.m; sourceTree = "<group>"; };
		E0608EFE1A7D927A0017C780 /* ADJAttribution.h */ = {isa = PBXFileReference; fileEncoding = 4; lastKnownFileType = sourcecode.c.h; path = ADJAttribution.h; sourceTree = "<group>"; };
		E0608EFF1A7D927A0017C780 /* ADJAttribution.m */ = {isa = PBXFileReference; fileEncoding = 4; lastKnownFileType = sourcecode.c.objc; path = ADJAttribution.m; sourceTree = "<group>"; };
		E0608F001A7D927A0017C780 /* ADJAttributionHandler.h */ = {isa = PBXFileReference; fileEncoding = 4; lastKnownFileType = sourcecode.c.h; path = ADJAttributionHandler.h; sourceTree = "<group>"; };
		E0608F011A7D927A0017C780 /* ADJAttributionHandler.m */ = {isa = PBXFileReference; fileEncoding = 4; lastKnownFileType = sourcecode.c.objc; path = ADJAttributionHandler.m; sourceTree = "<group>"; };
		E0608F021A7D927A0017C780 /* ADJConfig.h */ = {isa = PBXFileReference; fileEncoding = 4; lastKnownFileType = sourcecode.c.h; path = ADJConfig.h; sourceTree = "<group>"; };
		E0608F031A7D927A0017C780 /* ADJConfig.m */ = {isa = PBXFileReference; fileEncoding = 4; lastKnownFileType = sourcecode.c.objc; path = ADJConfig.m; sourceTree = "<group>"; };
		E0608F041A7D927A0017C780 /* ADJDeviceInfo.h */ = {isa = PBXFileReference; fileEncoding = 4; lastKnownFileType = sourcecode.c.h; path = ADJDeviceInfo.h; sourceTree = "<group>"; };
		E0608F051A7D927A0017C780 /* ADJDeviceInfo.m */ = {isa = PBXFileReference; fileEncoding = 4; lastKnownFileType = sourcecode.c.objc; path = ADJDeviceInfo.m; sourceTree = "<group>"; };
		E0608F061A7D927A0017C780 /* ADJEvent.h */ = {isa = PBXFileReference; fileEncoding = 4; lastKnownFileType = sourcecode.c.h; path = ADJEvent.h; sourceTree = "<group>"; };
		E0608F071A7D927A0017C780 /* ADJEvent.m */ = {isa = PBXFileReference; fileEncoding = 4; lastKnownFileType = sourcecode.c.objc; path = ADJEvent.m; sourceTree = "<group>"; };
		E0608F081A7D927A0017C780 /* ADJLogger.h */ = {isa = PBXFileReference; fileEncoding = 4; lastKnownFileType = sourcecode.c.h; path = ADJLogger.h; sourceTree = "<group>"; };
		E0608F091A7D927A0017C780 /* ADJLogger.m */ = {isa = PBXFileReference; fileEncoding = 4; lastKnownFileType = sourcecode.c.objc; path = ADJLogger.m; sourceTree = "<group>"; };
		E0608F0A1A7D927A0017C780 /* ADJPackageBuilder.h */ = {isa = PBXFileReference; fileEncoding = 4; lastKnownFileType = sourcecode.c.h; path = ADJPackageBuilder.h; sourceTree = "<group>"; };
		E0608F0B1A7D927A0017C780 /* ADJPackageBuilder.m */ = {isa = PBXFileReference; fileEncoding = 4; lastKnownFileType = sourcecode.c.objc; path = ADJPackageBuilder.m; sourceTree = "<group>"; };
		E0608F0C1A7D927A0017C780 /* ADJPackageHandler.h */ = {isa = PBXFileReference; fileEncoding = 4; lastKnownFileType = sourcecode.c.h; path = ADJPackageHandler.h; sourceTree = "<group>"; };
		E0608F0D1A7D927A0017C780 /* ADJPackageHandler.m */ = {isa = PBXFileReference; fileEncoding = 4; lastKnownFileType = sourcecode.c.objc; path = ADJPackageHandler.m; sourceTree = "<group>"; };
		E0608F0E1A7D927A0017C780 /* ADJRequestHandler.h */ = {isa = PBXFileReference; fileEncoding = 4; lastKnownFileType = sourcecode.c.h; path = ADJRequestHandler.h; sourceTree = "<group>"; };
		E0608F0F1A7D927A0017C780 /* ADJRequestHandler.m */ = {isa = PBXFileReference; fileEncoding = 4; lastKnownFileType = sourcecode.c.objc; path = ADJRequestHandler.m; sourceTree = "<group>"; };
		E0608F101A7D927A0017C780 /* ADJTimer.h */ = {isa = PBXFileReference; fileEncoding = 4; lastKnownFileType = sourcecode.c.h; path = ADJTimer.h; sourceTree = "<group>"; };
		E0608F111A7D927A0017C780 /* ADJTimer.m */ = {isa = PBXFileReference; fileEncoding = 4; lastKnownFileType = sourcecode.c.objc; path = ADJTimer.m; sourceTree = "<group>"; };
		E0608F121A7D927A0017C780 /* Adjust.h */ = {isa = PBXFileReference; fileEncoding = 4; lastKnownFileType = sourcecode.c.h; path = Adjust.h; sourceTree = "<group>"; };
		E0608F131A7D927A0017C780 /* Adjust.m */ = {isa = PBXFileReference; fileEncoding = 4; lastKnownFileType = sourcecode.c.objc; path = Adjust.m; sourceTree = "<group>"; };
		E0608F141A7D927A0017C780 /* ADJUtil.h */ = {isa = PBXFileReference; fileEncoding = 4; lastKnownFileType = sourcecode.c.h; path = ADJUtil.h; sourceTree = "<group>"; };
		E0608F151A7D927A0017C780 /* ADJUtil.m */ = {isa = PBXFileReference; fileEncoding = 4; lastKnownFileType = sourcecode.c.objc; path = ADJUtil.m; sourceTree = "<group>"; };
		E07D74441A30B0E40039B9F9 /* libadjust.a */ = {isa = PBXFileReference; explicitFileType = archive.ar; includeInIndex = 0; path = libadjust.a; sourceTree = BUILT_PRODUCTS_DIR; };
		E07D74551A30B0E40039B9F9 /* Info.plist */ = {isa = PBXFileReference; lastKnownFileType = text.plist.xml; path = Info.plist; sourceTree = "<group>"; };
		E07D748F1A30B15F0039B9F9 /* CoreGraphics.framework */ = {isa = PBXFileReference; lastKnownFileType = wrapper.framework; name = CoreGraphics.framework; path = System/Library/Frameworks/CoreGraphics.framework; sourceTree = SDKROOT; };
		E07D74911A30B1650039B9F9 /* UIKit.framework */ = {isa = PBXFileReference; lastKnownFileType = wrapper.framework; name = UIKit.framework; path = System/Library/Frameworks/UIKit.framework; sourceTree = SDKROOT; };
		E07D74931A30B1700039B9F9 /* Foundation.framework */ = {isa = PBXFileReference; lastKnownFileType = wrapper.framework; name = Foundation.framework; path = System/Library/Frameworks/Foundation.framework; sourceTree = SDKROOT; };
		E07D74951A30B1750039B9F9 /* AdSupport.framework */ = {isa = PBXFileReference; lastKnownFileType = wrapper.framework; name = AdSupport.framework; path = System/Library/Frameworks/AdSupport.framework; sourceTree = SDKROOT; };
		E07D74971A30B17A0039B9F9 /* iAd.framework */ = {isa = PBXFileReference; lastKnownFileType = wrapper.framework; name = iAd.framework; path = System/Library/Frameworks/iAd.framework; sourceTree = SDKROOT; };
/* End PBXFileReference section */

/* Begin PBXFrameworksBuildPhase section */
		E07D74411A30B0E40039B9F9 /* Frameworks */ = {
			isa = PBXFrameworksBuildPhase;
			buildActionMask = 2147483647;
			files = (
				E07D74981A30B17A0039B9F9 /* iAd.framework in Frameworks */,
				E07D74961A30B1750039B9F9 /* AdSupport.framework in Frameworks */,
				E07D74941A30B1700039B9F9 /* Foundation.framework in Frameworks */,
				E07D74921A30B1660039B9F9 /* UIKit.framework in Frameworks */,
				E07D74901A30B15F0039B9F9 /* CoreGraphics.framework in Frameworks */,
			);
			runOnlyForDeploymentPostprocessing = 0;
		};
/* End PBXFrameworksBuildPhase section */

/* Begin PBXGroup section */
		E0608EF71A7D927A0017C780 /* ADJAdditions */ = {
			isa = PBXGroup;
			children = (
				E0608EF81A7D927A0017C780 /* NSString+ADJAdditions.h */,
				E0608EF91A7D927A0017C780 /* NSString+ADJAdditions.m */,
				E0608EFA1A7D927A0017C780 /* UIDevice+ADJAdditions.h */,
				E0608EFB1A7D927A0017C780 /* UIDevice+ADJAdditions.m */,
			);
			path = ADJAdditions;
			sourceTree = "<group>";
		};
		E07D743B1A30B0E40039B9F9 = {
			isa = PBXGroup;
			children = (
				E07D74461A30B0E40039B9F9 /* adjust */,
				E07D74531A30B0E40039B9F9 /* adjustTests */,
				E07D74991A30B19A0039B9F9 /* Frameworks */,
				E07D74451A30B0E40039B9F9 /* Products */,
			);
			sourceTree = "<group>";
		};
		E07D74451A30B0E40039B9F9 /* Products */ = {
			isa = PBXGroup;
			children = (
				E07D74441A30B0E40039B9F9 /* libadjust.a */,
			);
			name = Products;
			sourceTree = "<group>";
		};
		E07D74461A30B0E40039B9F9 /* adjust */ = {
			isa = PBXGroup;
			children = (
				E0608EEF1A7D927A0017C780 /* ADJActivityHandler.h */,
				E0608EF01A7D927A0017C780 /* ADJActivityHandler.m */,
				E0608EF11A7D927A0017C780 /* ADJActivityKind.h */,
				E0608EF21A7D927A0017C780 /* ADJActivityKind.m */,
				E0608EF31A7D927A0017C780 /* ADJActivityPackage.h */,
				E0608EF41A7D927A0017C780 /* ADJActivityPackage.m */,
				E0608EF51A7D927A0017C780 /* ADJActivityState.h */,
				E0608EF61A7D927A0017C780 /* ADJActivityState.m */,
				E0608EF71A7D927A0017C780 /* ADJAdditions */,
				E0608EFC1A7D927A0017C780 /* ADJAdjustFactory.h */,
				E0608EFD1A7D927A0017C780 /* ADJAdjustFactory.m */,
				E0608EFE1A7D927A0017C780 /* ADJAttribution.h */,
				E0608EFF1A7D927A0017C780 /* ADJAttribution.m */,
				E0608F001A7D927A0017C780 /* ADJAttributionHandler.h */,
				E0608F011A7D927A0017C780 /* ADJAttributionHandler.m */,
				E0608F021A7D927A0017C780 /* ADJConfig.h */,
				E0608F031A7D927A0017C780 /* ADJConfig.m */,
				E0608F041A7D927A0017C780 /* ADJDeviceInfo.h */,
				E0608F051A7D927A0017C780 /* ADJDeviceInfo.m */,
				E0608F061A7D927A0017C780 /* ADJEvent.h */,
				E0608F071A7D927A0017C780 /* ADJEvent.m */,
				E0608F081A7D927A0017C780 /* ADJLogger.h */,
				E0608F091A7D927A0017C780 /* ADJLogger.m */,
				E0608F0A1A7D927A0017C780 /* ADJPackageBuilder.h */,
				E0608F0B1A7D927A0017C780 /* ADJPackageBuilder.m */,
				E0608F0C1A7D927A0017C780 /* ADJPackageHandler.h */,
				E0608F0D1A7D927A0017C780 /* ADJPackageHandler.m */,
				E0608F0E1A7D927A0017C780 /* ADJRequestHandler.h */,
				E0608F0F1A7D927A0017C780 /* ADJRequestHandler.m */,
				E0608F101A7D927A0017C780 /* ADJTimer.h */,
				E0608F111A7D927A0017C780 /* ADJTimer.m */,
				E0608F121A7D927A0017C780 /* Adjust.h */,
				E0608F131A7D927A0017C780 /* Adjust.m */,
				E0608F141A7D927A0017C780 /* ADJUtil.h */,
				E0608F151A7D927A0017C780 /* ADJUtil.m */,
				E02883961A30C1CE002242D1 /* AEPriceMatrix.h */,
				E02883971A30C1CE002242D1 /* AEPriceMatrix.m */,
				E02883981A30C1CE002242D1 /* AEPriceMatrix.plist */,
			);
			path = adjust;
			sourceTree = "<group>";
		};
		E07D74531A30B0E40039B9F9 /* adjustTests */ = {
			isa = PBXGroup;
			children = (
				E07D74541A30B0E40039B9F9 /* Supporting Files */,
			);
			path = adjustTests;
			sourceTree = "<group>";
		};
		E07D74541A30B0E40039B9F9 /* Supporting Files */ = {
			isa = PBXGroup;
			children = (
				E07D74551A30B0E40039B9F9 /* Info.plist */,
			);
			name = "Supporting Files";
			sourceTree = "<group>";
		};
		E07D74991A30B19A0039B9F9 /* Frameworks */ = {
			isa = PBXGroup;
			children = (
				E07D74971A30B17A0039B9F9 /* iAd.framework */,
				E07D74951A30B1750039B9F9 /* AdSupport.framework */,
				E07D74931A30B1700039B9F9 /* Foundation.framework */,
				E07D74911A30B1650039B9F9 /* UIKit.framework */,
				E07D748F1A30B15F0039B9F9 /* CoreGraphics.framework */,
			);
			name = Frameworks;
			sourceTree = "<group>";
		};
/* End PBXGroup section */

/* Begin PBXNativeTarget section */
		E07D74431A30B0E40039B9F9 /* adjust */ = {
			isa = PBXNativeTarget;
			buildConfigurationList = E07D74581A30B0E40039B9F9 /* Build configuration list for PBXNativeTarget "adjust" */;
			buildPhases = (
				E07D74401A30B0E40039B9F9 /* Sources */,
				E07D74411A30B0E40039B9F9 /* Frameworks */,
				E07D74421A30B0E40039B9F9 /* Copy Files */,
				E07D749A1A30B41E0039B9F9 /* ShellScript */,
			);
			buildRules = (
			);
			dependencies = (
			);
			name = adjust;
			productName = adjust;
			productReference = E07D74441A30B0E40039B9F9 /* libadjust.a */;
			productType = "com.apple.product-type.library.static";
		};
/* End PBXNativeTarget section */

/* Begin PBXProject section */
		E07D743C1A30B0E40039B9F9 /* Project object */ = {
			isa = PBXProject;
			attributes = {
				LastUpgradeCheck = 0610;
				ORGANIZATIONNAME = "BlueRiver Interactive";
				TargetAttributes = {
					E07D74431A30B0E40039B9F9 = {
						CreatedOnToolsVersion = 6.1;
					};
				};
			};
			buildConfigurationList = E07D743F1A30B0E40039B9F9 /* Build configuration list for PBXProject "adjust" */;
			compatibilityVersion = "Xcode 3.2";
			developmentRegion = English;
			hasScannedForEncodings = 0;
			knownRegions = (
				en,
			);
			mainGroup = E07D743B1A30B0E40039B9F9;
			productRefGroup = E07D74451A30B0E40039B9F9 /* Products */;
			projectDirPath = "";
			projectRoot = "";
			targets = (
				E07D74431A30B0E40039B9F9 /* adjust */,
			);
		};
/* End PBXProject section */

/* Begin PBXShellScriptBuildPhase section */
		E07D749A1A30B41E0039B9F9 /* ShellScript */ = {
			isa = PBXShellScriptBuildPhase;
			buildActionMask = 2147483647;
			files = (
			);
			inputPaths = (
			);
			outputPaths = (
			);
			runOnlyForDeploymentPostprocessing = 0;
			shellPath = /bin/sh;
			shellScript = "# Version 2.0 (updated for Xcode 4, with some fixes)\n# Changes:\n#    - Works with xcode 4, even when running xcode 3 projects (Workarounds for apple bugs)\n#    - Faster / better: only runs lipo once, instead of once per recursion\n#    - Added some debugging statemetns that can be switched on/off by changing the DEBUG_THIS_SCRIPT variable to \"true\"\n#    - Fixed some typos\n#\n# Purpose:\n#   Create a static library for iPhone from within XCode\n#   Because Apple staff DELIBERATELY broke Xcode to make this impossible from the GUI (Xcode 3.2.3 specifically states this in the Release notes!)\n#   ...no, I don't understand why they did this!\n#\n# Author: Adam Martin - http://twitter.com/redglassesapps\n# Based on: original script from Eonil (main changes: Eonil's script WILL NOT WORK in Xcode GUI - it WILL CRASH YOUR COMPUTER)\n#\n# More info: see this Stack Overflow question: http://stackoverflow.com/questions/3520977/build-fat-static-library-device-simulator-using-xcode-and-sdk-4\n\n#################[ Tests: helps workaround any future bugs in Xcode ]########\n#\nDEBUG_THIS_SCRIPT=\"false\"\n\nif [ $DEBUG_THIS_SCRIPT = \"true\" ]\nthen\necho \"########### TESTS #############\"\necho \"Use the following variables when debugging this script; note that they may change on recursions\"\necho \"BUILD_DIR = $BUILD_DIR\"\necho \"BUILD_ROOT = $BUILD_ROOT\"\necho \"CONFIGURATION_BUILD_DIR = $CONFIGURATION_BUILD_DIR\"\necho \"BUILT_PRODUCTS_DIR = $BUILT_PRODUCTS_DIR\"\necho \"CONFIGURATION_TEMP_DIR = $CONFIGURATION_TEMP_DIR\"\necho \"TARGET_BUILD_DIR = $TARGET_BUILD_DIR\"\nfi\n\n#####################[ part 1 ]##################\n# First, work out the BASESDK version number (NB: Apple ought to report this, but they hide it)\n#    (incidental: searching for substrings in sh is a nightmare! Sob)\n\nSDK_VERSION=$(echo ${SDK_NAME} | grep -o '.\\{3\\}$')\n\n# Next, work out if we're in SIM or DEVICE\n\nif [ ${PLATFORM_NAME} = \"iphonesimulator\" ]\nthen\nOTHER_SDK_TO_BUILD=iphoneos${SDK_VERSION}\nelse\nOTHER_SDK_TO_BUILD=iphonesimulator${SDK_VERSION}\nfi\n\necho \"XCode has selected SDK: ${PLATFORM_NAME} with version: ${SDK_VERSION} (although back-targetting: ${IPHONEOS_DEPLOYMENT_TARGET})\"\necho \"...therefore, OTHER_SDK_TO_BUILD = ${OTHER_SDK_TO_BUILD}\"\n#\n#####################[ end of part 1 ]##################\n\n#####################[ part 2 ]##################\n#\n# IF this is the original invocation, invoke WHATEVER other builds are required\n#\n# Xcode is already building ONE target...\n#\n# ...but this is a LIBRARY, so Apple is wrong to set it to build just one.\n# ...we need to build ALL targets\n# ...we MUST NOT re-build the target that is ALREADY being built: Xcode WILL CRASH YOUR COMPUTER if you try this (infinite recursion!)\n#\n#\n# So: build ONLY the missing platforms/configurations.\n\nif [ \"true\" == ${ALREADYINVOKED:-false} ]\nthen\necho \"RECURSION: I am NOT the root invocation, so I'm NOT going to recurse\"\nelse\n# CRITICAL:\n# Prevent infinite recursion (Xcode sucks)\nexport ALREADYINVOKED=\"true\"\n\necho \"RECURSION: I am the root ... recursing all missing build targets NOW...\"\necho \"RECURSION: ...about to invoke: xcodebuild -configuration \\\"${CONFIGURATION}\\\" -target \\\"${TARGET_NAME}\\\" -sdk \\\"${OTHER_SDK_TO_BUILD}\\\" ${ACTION} RUN_CLANG_STATIC_ANALYZER=NO\"\nxcodebuild -configuration \"${CONFIGURATION}\" -target \"${TARGET_NAME}\" -sdk \"${OTHER_SDK_TO_BUILD}\" ${ACTION} RUN_CLANG_STATIC_ANALYZER=NO BUILD_DIR=\"${BUILD_DIR}\" BUILD_ROOT=\"${BUILD_ROOT}\"\n\nACTION=\"build\"\n\n#Merge all platform binaries as a fat binary for each configurations.\n\n# Calculate where the (multiple) built files are coming from:\nCURRENTCONFIG_DEVICE_DIR=${SYMROOT}/${CONFIGURATION}-iphoneos\nCURRENTCONFIG_SIMULATOR_DIR=${SYMROOT}/${CONFIGURATION}-iphonesimulator\n\necho \"Taking device build from: ${CURRENTCONFIG_DEVICE_DIR}\"\necho \"Taking simulator build from: ${CURRENTCONFIG_SIMULATOR_DIR}\"\n\nCREATING_UNIVERSAL_DIR=${SYMROOT}/${CONFIGURATION}-universal\necho \"...I will output a universal build to: ${CREATING_UNIVERSAL_DIR}\"\n\n# ... remove the products of previous runs of this script\n#      NB: this directory is ONLY created by this script - it should be safe to delete!\n\nrm -rf \"${CREATING_UNIVERSAL_DIR}\"\nmkdir \"${CREATING_UNIVERSAL_DIR}\"\n\n#\necho \"lipo: for current configuration (${CONFIGURATION}) creating output file: ${CREATING_UNIVERSAL_DIR}/${EXECUTABLE_NAME}\"\nlipo -create -output \"${CREATING_UNIVERSAL_DIR}/${EXECUTABLE_NAME}\" \"${CURRENTCONFIG_DEVICE_DIR}/${EXECUTABLE_NAME}\" \"${CURRENTCONFIG_SIMULATOR_DIR}/${EXECUTABLE_NAME}\"\n\n#########\n#\n# Added: StackOverflow suggestion to also copy \"include\" files\n#    (untested, but should work OK)\n#\nif [ -d \"${CURRENTCONFIG_DEVICE_DIR}/usr/local/include\" ]\nthen\nmkdir -p \"${CREATING_UNIVERSAL_DIR}/usr/local/include\"\n# * needs to be outside the double quotes?\ncp \"${CURRENTCONFIG_DEVICE_DIR}/usr/local/include/\"* \"${CREATING_UNIVERSAL_DIR}/usr/local/include\"\nfi\nfi";
		};
/* End PBXShellScriptBuildPhase section */

/* Begin PBXSourcesBuildPhase section */
		E07D74401A30B0E40039B9F9 /* Sources */ = {
			isa = PBXSourcesBuildPhase;
			buildActionMask = 2147483647;
			files = (
				E0608F1F1A7D927A0017C780 /* ADJConfig.m in Sources */,
				E0608F1E1A7D927A0017C780 /* ADJAttributionHandler.m in Sources */,
				E0608F191A7D927A0017C780 /* ADJActivityState.m in Sources */,
				E0608F271A7D927A0017C780 /* Adjust.m in Sources */,
				E02883991A30C1CE002242D1 /* AEPriceMatrix.m in Sources */,
				E0608F281A7D927A0017C780 /* ADJUtil.m in Sources */,
				E0608F1D1A7D927A0017C780 /* ADJAttribution.m in Sources */,
				E0608F251A7D927A0017C780 /* ADJRequestHandler.m in Sources */,
				E0608F171A7D927A0017C780 /* ADJActivityKind.m in Sources */,
				E0608F1B1A7D927A0017C780 /* UIDevice+ADJAdditions.m in Sources */,
				E0608F241A7D927A0017C780 /* ADJPackageHandler.m in Sources */,
				E0608F1A1A7D927A0017C780 /* NSString+ADJAdditions.m in Sources */,
				E0608F211A7D927A0017C780 /* ADJEvent.m in Sources */,
				E0608F161A7D927A0017C780 /* ADJActivityHandler.m in Sources */,
				E0608F201A7D927A0017C780 /* ADJDeviceInfo.m in Sources */,
				E0608F231A7D927A0017C780 /* ADJPackageBuilder.m in Sources */,
				E0608F221A7D927A0017C780 /* ADJLogger.m in Sources */,
				E0608F261A7D927A0017C780 /* ADJTimer.m in Sources */,
				E0608F181A7D927A0017C780 /* ADJActivityPackage.m in Sources */,
				E0608F1C1A7D927A0017C780 /* ADJAdjustFactory.m in Sources */,
			);
			runOnlyForDeploymentPostprocessing = 0;
		};
/* End PBXSourcesBuildPhase section */

/* Begin XCBuildConfiguration section */
		E07D74561A30B0E40039B9F9 /* Debug */ = {
			isa = XCBuildConfiguration;
			buildSettings = {
				ALWAYS_SEARCH_USER_PATHS = NO;
				ARCHS = (
					"$(ARCHS_STANDARD)",
					i386,
				);
				CLANG_CXX_LANGUAGE_STANDARD = "gnu++0x";
				CLANG_CXX_LIBRARY = "libc++";
				CLANG_ENABLE_MODULES = YES;
				CLANG_ENABLE_OBJC_ARC = YES;
				CLANG_WARN_BOOL_CONVERSION = YES;
				CLANG_WARN_CONSTANT_CONVERSION = YES;
				CLANG_WARN_DIRECT_OBJC_ISA_USAGE = YES_ERROR;
				CLANG_WARN_EMPTY_BODY = YES;
				CLANG_WARN_ENUM_CONVERSION = YES;
				CLANG_WARN_INT_CONVERSION = YES;
				CLANG_WARN_OBJC_ROOT_CLASS = YES_ERROR;
				CLANG_WARN_UNREACHABLE_CODE = YES;
				CLANG_WARN__DUPLICATE_METHOD_MATCH = YES;
				COPY_PHASE_STRIP = NO;
				ENABLE_STRICT_OBJC_MSGSEND = YES;
				GCC_C_LANGUAGE_STANDARD = gnu99;
				GCC_DYNAMIC_NO_PIC = NO;
				GCC_OPTIMIZATION_LEVEL = 0;
				GCC_PREPROCESSOR_DEFINITIONS = (
					"DEBUG=1",
					"$(inherited)",
				);
				GCC_SYMBOLS_PRIVATE_EXTERN = NO;
				GCC_WARN_64_TO_32_BIT_CONVERSION = YES;
				GCC_WARN_ABOUT_RETURN_TYPE = YES_ERROR;
				GCC_WARN_UNDECLARED_SELECTOR = YES;
				GCC_WARN_UNINITIALIZED_AUTOS = YES_AGGRESSIVE;
				GCC_WARN_UNUSED_FUNCTION = YES;
				GCC_WARN_UNUSED_VARIABLE = YES;
				IPHONEOS_DEPLOYMENT_TARGET = 8.1;
				MTL_ENABLE_DEBUG_INFO = YES;
				ONLY_ACTIVE_ARCH = NO;
				SDKROOT = iphoneos;
				VALID_ARCHS = "arm64 armv7 armv7s i386";
			};
			name = Debug;
		};
		E07D74571A30B0E40039B9F9 /* Release */ = {
			isa = XCBuildConfiguration;
			buildSettings = {
				ALWAYS_SEARCH_USER_PATHS = NO;
				ARCHS = (
					"$(ARCHS_STANDARD)",
					i386,
				);
				CLANG_CXX_LANGUAGE_STANDARD = "gnu++0x";
				CLANG_CXX_LIBRARY = "libc++";
				CLANG_ENABLE_MODULES = YES;
				CLANG_ENABLE_OBJC_ARC = YES;
				CLANG_WARN_BOOL_CONVERSION = YES;
				CLANG_WARN_CONSTANT_CONVERSION = YES;
				CLANG_WARN_DIRECT_OBJC_ISA_USAGE = YES_ERROR;
				CLANG_WARN_EMPTY_BODY = YES;
				CLANG_WARN_ENUM_CONVERSION = YES;
				CLANG_WARN_INT_CONVERSION = YES;
				CLANG_WARN_OBJC_ROOT_CLASS = YES_ERROR;
				CLANG_WARN_UNREACHABLE_CODE = YES;
				CLANG_WARN__DUPLICATE_METHOD_MATCH = YES;
				COPY_PHASE_STRIP = YES;
				ENABLE_NS_ASSERTIONS = NO;
				ENABLE_STRICT_OBJC_MSGSEND = YES;
				GCC_C_LANGUAGE_STANDARD = gnu99;
				GCC_WARN_64_TO_32_BIT_CONVERSION = YES;
				GCC_WARN_ABOUT_RETURN_TYPE = YES_ERROR;
				GCC_WARN_UNDECLARED_SELECTOR = YES;
				GCC_WARN_UNINITIALIZED_AUTOS = YES_AGGRESSIVE;
				GCC_WARN_UNUSED_FUNCTION = YES;
				GCC_WARN_UNUSED_VARIABLE = YES;
				IPHONEOS_DEPLOYMENT_TARGET = 8.1;
				MTL_ENABLE_DEBUG_INFO = NO;
				SDKROOT = iphoneos;
				VALIDATE_PRODUCT = YES;
				VALID_ARCHS = "arm64 armv7 armv7s i386";
			};
			name = Release;
		};
		E07D74591A30B0E40039B9F9 /* Debug */ = {
			isa = XCBuildConfiguration;
			buildSettings = {
				OTHER_LDFLAGS = "-ObjC";
				PRODUCT_NAME = "$(TARGET_NAME)";
				SKIP_INSTALL = YES;
				VALID_ARCHS = "arm64 armv7 armv7s i386 x86_64";
			};
			name = Debug;
		};
		E07D745A1A30B0E40039B9F9 /* Release */ = {
			isa = XCBuildConfiguration;
			buildSettings = {
				OTHER_LDFLAGS = "-ObjC";
				PRODUCT_NAME = "$(TARGET_NAME)";
				SKIP_INSTALL = YES;
				VALID_ARCHS = "arm64 armv7 armv7s i386 x86_64";
			};
			name = Release;
		};
/* End XCBuildConfiguration section */

/* Begin XCConfigurationList section */
		E07D743F1A30B0E40039B9F9 /* Build configuration list for PBXProject "adjust" */ = {
			isa = XCConfigurationList;
			buildConfigurations = (
				E07D74561A30B0E40039B9F9 /* Debug */,
				E07D74571A30B0E40039B9F9 /* Release */,
			);
			defaultConfigurationIsVisible = 0;
			defaultConfigurationName = Release;
		};
		E07D74581A30B0E40039B9F9 /* Build configuration list for PBXNativeTarget "adjust" */ = {
			isa = XCConfigurationList;
			buildConfigurations = (
				E07D74591A30B0E40039B9F9 /* Debug */,
				E07D745A1A30B0E40039B9F9 /* Release */,
			);
			defaultConfigurationIsVisible = 0;
			defaultConfigurationName = Release;
		};
/* End XCConfigurationList section */
	};
	rootObject = E07D743C1A30B0E40039B9F9 /* Project object */;
}
