// !$*UTF8*$!
{
	archiveVersion = 1;
	classes = {
	};
	objectVersion = 46;
	objects = {

/* Begin PBXBuildFile section */
		F1C92C781A74E60700CDD48E /* libmixpanel.a in Frameworks */ = {isa = PBXBuildFile; fileRef = F1C92C6C1A74E60700CDD48E /* libmixpanel.a */; };
		F1C92D451A74E93600CDD48E /* UIKit.framework in Frameworks */ = {isa = PBXBuildFile; fileRef = F1C92D441A74E93600CDD48E /* UIKit.framework */; };
		F1C92D471A74E93F00CDD48E /* Foundation.framework in Frameworks */ = {isa = PBXBuildFile; fileRef = F1C92D461A74E93F00CDD48E /* Foundation.framework */; };
		F1C92D491A74E94E00CDD48E /* SystemConfiguration.framework in Frameworks */ = {isa = PBXBuildFile; fileRef = F1C92D481A74E94E00CDD48E /* SystemConfiguration.framework */; };
		F1C92D4B1A74E95D00CDD48E /* CoreTelephony.framework in Frameworks */ = {isa = PBXBuildFile; fileRef = F1C92D4A1A74E95D00CDD48E /* CoreTelephony.framework */; };
		F1C92D4D1A74E96900CDD48E /* Accelerate.framework in Frameworks */ = {isa = PBXBuildFile; fileRef = F1C92D4C1A74E96900CDD48E /* Accelerate.framework */; };
		F1C92D4F1A74E97400CDD48E /* CoreGraphics.framework in Frameworks */ = {isa = PBXBuildFile; fileRef = F1C92D4E1A74E97400CDD48E /* CoreGraphics.framework */; };
		F1C92D511A74E97F00CDD48E /* QuartzCore.framework in Frameworks */ = {isa = PBXBuildFile; fileRef = F1C92D501A74E97F00CDD48E /* QuartzCore.framework */; };
		F1C92DD01A74F11100CDD48E /* _MPTweakBindObserver.m in Sources */ = {isa = PBXBuildFile; fileRef = F1C92D541A74F11100CDD48E /* _MPTweakBindObserver.m */; };
		F1C92DD11A74F11100CDD48E /* libMPCategoryHelpers.a in Frameworks */ = {isa = PBXBuildFile; fileRef = F1C92D551A74F11100CDD48E /* libMPCategoryHelpers.a */; };
		F1C92DD21A74F11100CDD48E /* Mixpanel.m in Sources */ = {isa = PBXBuildFile; fileRef = F1C92D581A74F11100CDD48E /* Mixpanel.m */; };
		F1C92DD31A74F11100CDD48E /* MPAbstractABTestDesignerMessage.m in Sources */ = {isa = PBXBuildFile; fileRef = F1C92D5A1A74F11100CDD48E /* MPAbstractABTestDesignerMessage.m */; };
		F1C92DD41A74F11100CDD48E /* MPABTestDesignerChangeRequestMessage.m in Sources */ = {isa = PBXBuildFile; fileRef = F1C92D5C1A74F11100CDD48E /* MPABTestDesignerChangeRequestMessage.m */; };
		F1C92DD51A74F11100CDD48E /* MPABTestDesignerChangeResponseMessage.m in Sources */ = {isa = PBXBuildFile; fileRef = F1C92D5E1A74F11100CDD48E /* MPABTestDesignerChangeResponseMessage.m */; };
		F1C92DD61A74F11100CDD48E /* MPABTestDesignerClearRequestMessage.m in Sources */ = {isa = PBXBuildFile; fileRef = F1C92D601A74F11100CDD48E /* MPABTestDesignerClearRequestMessage.m */; };
		F1C92DD71A74F11100CDD48E /* MPABTestDesignerClearResponseMessage.m in Sources */ = {isa = PBXBuildFile; fileRef = F1C92D621A74F11100CDD48E /* MPABTestDesignerClearResponseMessage.m */; };
		F1C92DD81A74F11100CDD48E /* MPABTestDesignerConnection.m in Sources */ = {isa = PBXBuildFile; fileRef = F1C92D641A74F11100CDD48E /* MPABTestDesignerConnection.m */; };
		F1C92DD91A74F11100CDD48E /* MPABTestDesignerDeviceInfoRequestMessage.m in Sources */ = {isa = PBXBuildFile; fileRef = F1C92D661A74F11100CDD48E /* MPABTestDesignerDeviceInfoRequestMessage.m */; };
		F1C92DDA1A74F11100CDD48E /* MPABTestDesignerDeviceInfoResponseMessage.m in Sources */ = {isa = PBXBuildFile; fileRef = F1C92D681A74F11100CDD48E /* MPABTestDesignerDeviceInfoResponseMessage.m */; };
		F1C92DDB1A74F11100CDD48E /* MPABTestDesignerDisconnectMessage.m in Sources */ = {isa = PBXBuildFile; fileRef = F1C92D6A1A74F11100CDD48E /* MPABTestDesignerDisconnectMessage.m */; };
		F1C92DDC1A74F11100CDD48E /* MPABTestDesignerSnapshotRequestMessage.m in Sources */ = {isa = PBXBuildFile; fileRef = F1C92D6D1A74F11100CDD48E /* MPABTestDesignerSnapshotRequestMessage.m */; };
		F1C92DDD1A74F11100CDD48E /* MPABTestDesignerSnapshotResponseMessage.m in Sources */ = {isa = PBXBuildFile; fileRef = F1C92D6F1A74F11100CDD48E /* MPABTestDesignerSnapshotResponseMessage.m */; };
		F1C92DDE1A74F11100CDD48E /* MPABTestDesignerTweakRequestMessage.m in Sources */ = {isa = PBXBuildFile; fileRef = F1C92D711A74F11100CDD48E /* MPABTestDesignerTweakRequestMessage.m */; };
		F1C92DDF1A74F11100CDD48E /* MPABTestDesignerTweakResponseMessage.m in Sources */ = {isa = PBXBuildFile; fileRef = F1C92D731A74F11100CDD48E /* MPABTestDesignerTweakResponseMessage.m */; };
		F1C92DE01A74F11100CDD48E /* MPApplicationStateSerializer.m in Sources */ = {isa = PBXBuildFile; fileRef = F1C92D751A74F11100CDD48E /* MPApplicationStateSerializer.m */; };
		F1C92DE11A74F11100CDD48E /* MPBOOLToNSNumberValueTransformer.m in Sources */ = {isa = PBXBuildFile; fileRef = F1C92D761A74F11100CDD48E /* MPBOOLToNSNumberValueTransformer.m */; };
		F1C92DE21A74F11100CDD48E /* MPCATransform3DToNSDictionaryValueTransformer.m in Sources */ = {isa = PBXBuildFile; fileRef = F1C92D781A74F11100CDD48E /* MPCATransform3DToNSDictionaryValueTransformer.m */; };
		F1C92DE31A74F11100CDD48E /* MPCGAffineTransformToNSDictionaryValueTransformer.m in Sources */ = {isa = PBXBuildFile; fileRef = F1C92D791A74F11100CDD48E /* MPCGAffineTransformToNSDictionaryValueTransformer.m */; };
		F1C92DE41A74F11100CDD48E /* MPCGColorRefToNSStringValueTransformer.m in Sources */ = {isa = PBXBuildFile; fileRef = F1C92D7A1A74F11100CDD48E /* MPCGColorRefToNSStringValueTransformer.m */; };
		F1C92DE51A74F11100CDD48E /* MPCGPointToNSDictionaryValueTransformer.m in Sources */ = {isa = PBXBuildFile; fileRef = F1C92D7B1A74F11100CDD48E /* MPCGPointToNSDictionaryValueTransformer.m */; };
		F1C92DE61A74F11100CDD48E /* MPCGRectToNSDictionaryValueTransformer.m in Sources */ = {isa = PBXBuildFile; fileRef = F1C92D7C1A74F11100CDD48E /* MPCGRectToNSDictionaryValueTransformer.m */; };
		F1C92DE71A74F11100CDD48E /* MPCGSizeToNSDictionaryValueTransformer.m in Sources */ = {isa = PBXBuildFile; fileRef = F1C92D7D1A74F11100CDD48E /* MPCGSizeToNSDictionaryValueTransformer.m */; };
		F1C92DE81A74F11100CDD48E /* MPClassDescription.m in Sources */ = {isa = PBXBuildFile; fileRef = F1C92D7F1A74F11100CDD48E /* MPClassDescription.m */; };
		F1C92DE91A74F11100CDD48E /* MPDesignerEventBindingRequestMesssage.m in Sources */ = {isa = PBXBuildFile; fileRef = F1C92D831A74F11100CDD48E /* MPDesignerEventBindingRequestMesssage.m */; };
		F1C92DEA1A74F11100CDD48E /* MPDesignerEventBindingResponseMesssage.m in Sources */ = {isa = PBXBuildFile; fileRef = F1C92D841A74F11100CDD48E /* MPDesignerEventBindingResponseMesssage.m */; };
		F1C92DEB1A74F11100CDD48E /* MPDesignerTrackMessage.m in Sources */ = {isa = PBXBuildFile; fileRef = F1C92D861A74F11100CDD48E /* MPDesignerTrackMessage.m */; };
		F1C92DEC1A74F11100CDD48E /* MPEnumDescription.m in Sources */ = {isa = PBXBuildFile; fileRef = F1C92D881A74F11100CDD48E /* MPEnumDescription.m */; };
		F1C92DED1A74F11100CDD48E /* MPEventBinding.m in Sources */ = {isa = PBXBuildFile; fileRef = F1C92D8A1A74F11100CDD48E /* MPEventBinding.m */; };
		F1C92DEE1A74F11100CDD48E /* MPNotification.m in Sources */ = {isa = PBXBuildFile; fileRef = F1C92D8D1A74F11100CDD48E /* MPNotification.m */; };
		F1C92DEF1A74F11100CDD48E /* MPNotificationViewController.m in Sources */ = {isa = PBXBuildFile; fileRef = F1C92D901A74F11100CDD48E /* MPNotificationViewController.m */; };
		F1C92DF01A74F11100CDD48E /* MPNSAttributedStringToNSDictionaryValueTransformer.m in Sources */ = {isa = PBXBuildFile; fileRef = F1C92D911A74F11100CDD48E /* MPNSAttributedStringToNSDictionaryValueTransformer.m */; };
		F1C92DF11A74F11100CDD48E /* MPNSNumberToCGFloatValueTransformer.m in Sources */ = {isa = PBXBuildFile; fileRef = F1C92D921A74F11100CDD48E /* MPNSNumberToCGFloatValueTransformer.m */; };
		F1C92DF21A74F11100CDD48E /* MPObjectIdentityProvider.m in Sources */ = {isa = PBXBuildFile; fileRef = F1C92D951A74F11100CDD48E /* MPObjectIdentityProvider.m */; };
		F1C92DF31A74F11100CDD48E /* MPObjectSelector.m in Sources */ = {isa = PBXBuildFile; fileRef = F1C92D971A74F11100CDD48E /* MPObjectSelector.m */; };
		F1C92DF41A74F11100CDD48E /* MPObjectSerializer.m in Sources */ = {isa = PBXBuildFile; fileRef = F1C92D991A74F11100CDD48E /* MPObjectSerializer.m */; };
		F1C92DF51A74F11100CDD48E /* MPObjectSerializerConfig.m in Sources */ = {isa = PBXBuildFile; fileRef = F1C92D9B1A74F11100CDD48E /* MPObjectSerializerConfig.m */; };
		F1C92DF61A74F11100CDD48E /* MPObjectSerializerContext.m in Sources */ = {isa = PBXBuildFile; fileRef = F1C92D9D1A74F11100CDD48E /* MPObjectSerializerContext.m */; };
		F1C92DF71A74F11100CDD48E /* MPPassThroughValueTransformer.m in Sources */ = {isa = PBXBuildFile; fileRef = F1C92D9E1A74F11100CDD48E /* MPPassThroughValueTransformer.m */; };
		F1C92DF81A74F11100CDD48E /* MPPropertyDescription.m in Sources */ = {isa = PBXBuildFile; fileRef = F1C92DA01A74F11100CDD48E /* MPPropertyDescription.m */; };
		F1C92DF91A74F11100CDD48E /* MPSequenceGenerator.m in Sources */ = {isa = PBXBuildFile; fileRef = F1C92DA21A74F11100CDD48E /* MPSequenceGenerator.m */; };
		F1C92DFA1A74F11100CDD48E /* MPSurvey.m in Sources */ = {isa = PBXBuildFile; fileRef = F1C92DA41A74F11100CDD48E /* MPSurvey.m */; };
		F1C92DFB1A74F11100CDD48E /* MPSurveyNavigationController.m in Sources */ = {isa = PBXBuildFile; fileRef = F1C92DA71A74F11100CDD48E /* MPSurveyNavigationController.m */; };
		F1C92DFC1A74F11100CDD48E /* MPSurveyQuestion.m in Sources */ = {isa = PBXBuildFile; fileRef = F1C92DA91A74F11100CDD48E /* MPSurveyQuestion.m */; };
		F1C92DFD1A74F11100CDD48E /* MPSurveyQuestionViewController.m in Sources */ = {isa = PBXBuildFile; fileRef = F1C92DAB1A74F11100CDD48E /* MPSurveyQuestionViewController.m */; };
		F1C92DFE1A74F11100CDD48E /* MPSwizzler.m in Sources */ = {isa = PBXBuildFile; fileRef = F1C92DAD1A74F11100CDD48E /* MPSwizzler.m */; };
		F1C92DFF1A74F11100CDD48E /* MPTweak.m in Sources */ = {isa = PBXBuildFile; fileRef = F1C92DAF1A74F11100CDD48E /* MPTweak.m */; };
		F1C92E001A74F11100CDD48E /* MPTweakInline.m in Sources */ = {isa = PBXBuildFile; fileRef = F1C92DB11A74F11100CDD48E /* MPTweakInline.m */; };
		F1C92E011A74F11100CDD48E /* MPTweakStore.m in Sources */ = {isa = PBXBuildFile; fileRef = F1C92DB41A74F11100CDD48E /* MPTweakStore.m */; };
		F1C92E021A74F11100CDD48E /* MPTypeDescription.m in Sources */ = {isa = PBXBuildFile; fileRef = F1C92DB61A74F11100CDD48E /* MPTypeDescription.m */; };
		F1C92E031A74F11100CDD48E /* MPUIColorToNSStringValueTransformer.m in Sources */ = {isa = PBXBuildFile; fileRef = F1C92DB71A74F11100CDD48E /* MPUIColorToNSStringValueTransformer.m */; };
		F1C92E041A74F11100CDD48E /* MPUIControlBinding.m in Sources */ = {isa = PBXBuildFile; fileRef = F1C92DB91A74F11100CDD48E /* MPUIControlBinding.m */; };
		F1C92E051A74F11100CDD48E /* MPUIEdgeInsetsToNSDictionaryValueTransformer.m in Sources */ = {isa = PBXBuildFile; fileRef = F1C92DBA1A74F11100CDD48E /* MPUIEdgeInsetsToNSDictionaryValueTransformer.m */; };
		F1C92E061A74F11100CDD48E /* MPUIFontToNSDictionaryValueTransformer.m in Sources */ = {isa = PBXBuildFile; fileRef = F1C92DBB1A74F11100CDD48E /* MPUIFontToNSDictionaryValueTransformer.m */; };
		F1C92E071A74F11100CDD48E /* MPUIImageToNSDictionaryValueTransformer.m in Sources */ = {isa = PBXBuildFile; fileRef = F1C92DBC1A74F11100CDD48E /* MPUIImageToNSDictionaryValueTransformer.m */; };
		F1C92E081A74F11100CDD48E /* MPUITableViewBinding.m in Sources */ = {isa = PBXBuildFile; fileRef = F1C92DBE1A74F11100CDD48E /* MPUITableViewBinding.m */; };
		F1C92E091A74F11100CDD48E /* MPVariant.m in Sources */ = {isa = PBXBuildFile; fileRef = F1C92DC11A74F11100CDD48E /* MPVariant.m */; };
		F1C92E0A1A74F11100CDD48E /* MPWebSocket.m in Sources */ = {isa = PBXBuildFile; fileRef = F1C92DC31A74F11100CDD48E /* MPWebSocket.m */; };
		F1C92E0B1A74F11100CDD48E /* NSData+MPBase64.m in Sources */ = {isa = PBXBuildFile; fileRef = F1C92DC51A74F11100CDD48E /* NSData+MPBase64.m */; };
		F1C92E0C1A74F11100CDD48E /* NSInvocation+MPHelpers.m in Sources */ = {isa = PBXBuildFile; fileRef = F1C92DC71A74F11100CDD48E /* NSInvocation+MPHelpers.m */; };
		F1C92E0D1A74F11100CDD48E /* UIColor+MPColor.m in Sources */ = {isa = PBXBuildFile; fileRef = F1C92DCB1A74F11100CDD48E /* UIColor+MPColor.m */; };
		F1C92E0E1A74F11100CDD48E /* UIImage+MPAverageColor.m in Sources */ = {isa = PBXBuildFile; fileRef = F1C92DCD1A74F11100CDD48E /* UIImage+MPAverageColor.m */; };
		F1C92E0F1A74F11100CDD48E /* UIImage+MPImageEffects.m in Sources */ = {isa = PBXBuildFile; fileRef = F1C92DCF1A74F11100CDD48E /* UIImage+MPImageEffects.m */; };
		F1C92E111A75116300CDD48E /* libicucore.dylib in Frameworks */ = {isa = PBXBuildFile; fileRef = F1C92E101A75116300CDD48E /* libicucore.dylib */; };
/* End PBXBuildFile section */

/* Begin PBXContainerItemProxy section */
		F1C92C791A74E60700CDD48E /* PBXContainerItemProxy */ = {
			isa = PBXContainerItemProxy;
			containerPortal = F1C92C641A74E60700CDD48E /* Project object */;
			proxyType = 1;
			remoteGlobalIDString = F1C92C6B1A74E60700CDD48E;
			remoteInfo = mixpanel;
		};
/* End PBXContainerItemProxy section */

/* Begin PBXCopyFilesBuildPhase section */
		F1C92C6A1A74E60700CDD48E /* CopyFiles */ = {
			isa = PBXCopyFilesBuildPhase;
			buildActionMask = 2147483647;
			dstPath = "include/$(PRODUCT_NAME)";
			dstSubfolderSpec = 16;
			files = (
			);
			runOnlyForDeploymentPostprocessing = 0;
		};
/* End PBXCopyFilesBuildPhase section */

/* Begin PBXFileReference section */
		F1C92C6C1A74E60700CDD48E /* libmixpanel.a */ = {isa = PBXFileReference; explicitFileType = archive.ar; includeInIndex = 0; path = libmixpanel.a; sourceTree = BUILT_PRODUCTS_DIR; };
		F1C92C771A74E60700CDD48E /* mixpanelTests.xctest */ = {isa = PBXFileReference; explicitFileType = wrapper.cfbundle; includeInIndex = 0; path = mixpanelTests.xctest; sourceTree = BUILT_PRODUCTS_DIR; };
		F1C92C7D1A74E60700CDD48E /* Info.plist */ = {isa = PBXFileReference; lastKnownFileType = text.plist.xml; path = Info.plist; sourceTree = "<group>"; };
		F1C92D441A74E93600CDD48E /* UIKit.framework */ = {isa = PBXFileReference; lastKnownFileType = wrapper.framework; name = UIKit.framework; path = System/Library/Frameworks/UIKit.framework; sourceTree = SDKROOT; };
		F1C92D461A74E93F00CDD48E /* Foundation.framework */ = {isa = PBXFileReference; lastKnownFileType = wrapper.framework; name = Foundation.framework; path = System/Library/Frameworks/Foundation.framework; sourceTree = SDKROOT; };
		F1C92D481A74E94E00CDD48E /* SystemConfiguration.framework */ = {isa = PBXFileReference; lastKnownFileType = wrapper.framework; name = SystemConfiguration.framework; path = System/Library/Frameworks/SystemConfiguration.framework; sourceTree = SDKROOT; };
		F1C92D4A1A74E95D00CDD48E /* CoreTelephony.framework */ = {isa = PBXFileReference; lastKnownFileType = wrapper.framework; name = CoreTelephony.framework; path = System/Library/Frameworks/CoreTelephony.framework; sourceTree = SDKROOT; };
		F1C92D4C1A74E96900CDD48E /* Accelerate.framework */ = {isa = PBXFileReference; lastKnownFileType = wrapper.framework; name = Accelerate.framework; path = System/Library/Frameworks/Accelerate.framework; sourceTree = SDKROOT; };
		F1C92D4E1A74E97400CDD48E /* CoreGraphics.framework */ = {isa = PBXFileReference; lastKnownFileType = wrapper.framework; name = CoreGraphics.framework; path = System/Library/Frameworks/CoreGraphics.framework; sourceTree = SDKROOT; };
		F1C92D501A74E97F00CDD48E /* QuartzCore.framework */ = {isa = PBXFileReference; lastKnownFileType = wrapper.framework; name = QuartzCore.framework; path = System/Library/Frameworks/QuartzCore.framework; sourceTree = SDKROOT; };
		F1C92D531A74F11100CDD48E /* _MPTweakBindObserver.h */ = {isa = PBXFileReference; fileEncoding = 4; lastKnownFileType = sourcecode.c.h; path = _MPTweakBindObserver.h; sourceTree = "<group>"; };
		F1C92D541A74F11100CDD48E /* _MPTweakBindObserver.m */ = {isa = PBXFileReference; fileEncoding = 4; lastKnownFileType = sourcecode.c.objc; path = _MPTweakBindObserver.m; sourceTree = "<group>"; };
		F1C92D551A74F11100CDD48E /* libMPCategoryHelpers.a */ = {isa = PBXFileReference; lastKnownFileType = archive.ar; path = libMPCategoryHelpers.a; sourceTree = "<group>"; };
		F1C92D561A74F11100CDD48E /* Media.xcassets */ = {isa = PBXFileReference; lastKnownFileType = folder.assetcatalog; path = Media.xcassets; sourceTree = "<group>"; };
		F1C92D571A74F11100CDD48E /* Mixpanel.h */ = {isa = PBXFileReference; fileEncoding = 4; lastKnownFileType = sourcecode.c.h; path = Mixpanel.h; sourceTree = "<group>"; };
		F1C92D581A74F11100CDD48E /* Mixpanel.m */ = {isa = PBXFileReference; fileEncoding = 4; lastKnownFileType = sourcecode.c.objc; path = Mixpanel.m; sourceTree = "<group>"; };
		F1C92D591A74F11100CDD48E /* MPAbstractABTestDesignerMessage.h */ = {isa = PBXFileReference; fileEncoding = 4; lastKnownFileType = sourcecode.c.h; path = MPAbstractABTestDesignerMessage.h; sourceTree = "<group>"; };
		F1C92D5A1A74F11100CDD48E /* MPAbstractABTestDesignerMessage.m */ = {isa = PBXFileReference; fileEncoding = 4; lastKnownFileType = sourcecode.c.objc; path = MPAbstractABTestDesignerMessage.m; sourceTree = "<group>"; };
		F1C92D5B1A74F11100CDD48E /* MPABTestDesignerChangeRequestMessage.h */ = {isa = PBXFileReference; fileEncoding = 4; lastKnownFileType = sourcecode.c.h; path = MPABTestDesignerChangeRequestMessage.h; sourceTree = "<group>"; };
		F1C92D5C1A74F11100CDD48E /* MPABTestDesignerChangeRequestMessage.m */ = {isa = PBXFileReference; fileEncoding = 4; lastKnownFileType = sourcecode.c.objc; path = MPABTestDesignerChangeRequestMessage.m; sourceTree = "<group>"; };
		F1C92D5D1A74F11100CDD48E /* MPABTestDesignerChangeResponseMessage.h */ = {isa = PBXFileReference; fileEncoding = 4; lastKnownFileType = sourcecode.c.h; path = MPABTestDesignerChangeResponseMessage.h; sourceTree = "<group>"; };
		F1C92D5E1A74F11100CDD48E /* MPABTestDesignerChangeResponseMessage.m */ = {isa = PBXFileReference; fileEncoding = 4; lastKnownFileType = sourcecode.c.objc; path = MPABTestDesignerChangeResponseMessage.m; sourceTree = "<group>"; };
		F1C92D5F1A74F11100CDD48E /* MPABTestDesignerClearRequestMessage.h */ = {isa = PBXFileReference; fileEncoding = 4; lastKnownFileType = sourcecode.c.h; path = MPABTestDesignerClearRequestMessage.h; sourceTree = "<group>"; };
		F1C92D601A74F11100CDD48E /* MPABTestDesignerClearRequestMessage.m */ = {isa = PBXFileReference; fileEncoding = 4; lastKnownFileType = sourcecode.c.objc; path = MPABTestDesignerClearRequestMessage.m; sourceTree = "<group>"; };
		F1C92D611A74F11100CDD48E /* MPABTestDesignerClearResponseMessage.h */ = {isa = PBXFileReference; fileEncoding = 4; lastKnownFileType = sourcecode.c.h; path = MPABTestDesignerClearResponseMessage.h; sourceTree = "<group>"; };
		F1C92D621A74F11100CDD48E /* MPABTestDesignerClearResponseMessage.m */ = {isa = PBXFileReference; fileEncoding = 4; lastKnownFileType = sourcecode.c.objc; path = MPABTestDesignerClearResponseMessage.m; sourceTree = "<group>"; };
		F1C92D631A74F11100CDD48E /* MPABTestDesignerConnection.h */ = {isa = PBXFileReference; fileEncoding = 4; lastKnownFileType = sourcecode.c.h; path = MPABTestDesignerConnection.h; sourceTree = "<group>"; };
		F1C92D641A74F11100CDD48E /* MPABTestDesignerConnection.m */ = {isa = PBXFileReference; fileEncoding = 4; lastKnownFileType = sourcecode.c.objc; path = MPABTestDesignerConnection.m; sourceTree = "<group>"; };
		F1C92D651A74F11100CDD48E /* MPABTestDesignerDeviceInfoRequestMessage.h */ = {isa = PBXFileReference; fileEncoding = 4; lastKnownFileType = sourcecode.c.h; path = MPABTestDesignerDeviceInfoRequestMessage.h; sourceTree = "<group>"; };
		F1C92D661A74F11100CDD48E /* MPABTestDesignerDeviceInfoRequestMessage.m */ = {isa = PBXFileReference; fileEncoding = 4; lastKnownFileType = sourcecode.c.objc; path = MPABTestDesignerDeviceInfoRequestMessage.m; sourceTree = "<group>"; };
		F1C92D671A74F11100CDD48E /* MPABTestDesignerDeviceInfoResponseMessage.h */ = {isa = PBXFileReference; fileEncoding = 4; lastKnownFileType = sourcecode.c.h; path = MPABTestDesignerDeviceInfoResponseMessage.h; sourceTree = "<group>"; };
		F1C92D681A74F11100CDD48E /* MPABTestDesignerDeviceInfoResponseMessage.m */ = {isa = PBXFileReference; fileEncoding = 4; lastKnownFileType = sourcecode.c.objc; path = MPABTestDesignerDeviceInfoResponseMessage.m; sourceTree = "<group>"; };
		F1C92D691A74F11100CDD48E /* MPABTestDesignerDisconnectMessage.h */ = {isa = PBXFileReference; fileEncoding = 4; lastKnownFileType = sourcecode.c.h; path = MPABTestDesignerDisconnectMessage.h; sourceTree = "<group>"; };
		F1C92D6A1A74F11100CDD48E /* MPABTestDesignerDisconnectMessage.m */ = {isa = PBXFileReference; fileEncoding = 4; lastKnownFileType = sourcecode.c.objc; path = MPABTestDesignerDisconnectMessage.m; sourceTree = "<group>"; };
		F1C92D6B1A74F11100CDD48E /* MPABTestDesignerMessage.h */ = {isa = PBXFileReference; fileEncoding = 4; lastKnownFileType = sourcecode.c.h; path = MPABTestDesignerMessage.h; sourceTree = "<group>"; };
		F1C92D6C1A74F11100CDD48E /* MPABTestDesignerSnapshotRequestMessage.h */ = {isa = PBXFileReference; fileEncoding = 4; lastKnownFileType = sourcecode.c.h; path = MPABTestDesignerSnapshotRequestMessage.h; sourceTree = "<group>"; };
		F1C92D6D1A74F11100CDD48E /* MPABTestDesignerSnapshotRequestMessage.m */ = {isa = PBXFileReference; fileEncoding = 4; lastKnownFileType = sourcecode.c.objc; path = MPABTestDesignerSnapshotRequestMessage.m; sourceTree = "<group>"; };
		F1C92D6E1A74F11100CDD48E /* MPABTestDesignerSnapshotResponseMessage.h */ = {isa = PBXFileReference; fileEncoding = 4; lastKnownFileType = sourcecode.c.h; path = MPABTestDesignerSnapshotResponseMessage.h; sourceTree = "<group>"; };
		F1C92D6F1A74F11100CDD48E /* MPABTestDesignerSnapshotResponseMessage.m */ = {isa = PBXFileReference; fileEncoding = 4; lastKnownFileType = sourcecode.c.objc; path = MPABTestDesignerSnapshotResponseMessage.m; sourceTree = "<group>"; };
		F1C92D701A74F11100CDD48E /* MPABTestDesignerTweakRequestMessage.h */ = {isa = PBXFileReference; fileEncoding = 4; lastKnownFileType = sourcecode.c.h; path = MPABTestDesignerTweakRequestMessage.h; sourceTree = "<group>"; };
		F1C92D711A74F11100CDD48E /* MPABTestDesignerTweakRequestMessage.m */ = {isa = PBXFileReference; fileEncoding = 4; lastKnownFileType = sourcecode.c.objc; path = MPABTestDesignerTweakRequestMessage.m; sourceTree = "<group>"; };
		F1C92D721A74F11100CDD48E /* MPABTestDesignerTweakResponseMessage.h */ = {isa = PBXFileReference; fileEncoding = 4; lastKnownFileType = sourcecode.c.h; path = MPABTestDesignerTweakResponseMessage.h; sourceTree = "<group>"; };
		F1C92D731A74F11100CDD48E /* MPABTestDesignerTweakResponseMessage.m */ = {isa = PBXFileReference; fileEncoding = 4; lastKnownFileType = sourcecode.c.objc; path = MPABTestDesignerTweakResponseMessage.m; sourceTree = "<group>"; };
		F1C92D741A74F11100CDD48E /* MPApplicationStateSerializer.h */ = {isa = PBXFileReference; fileEncoding = 4; lastKnownFileType = sourcecode.c.h; path = MPApplicationStateSerializer.h; sourceTree = "<group>"; };
		F1C92D751A74F11100CDD48E /* MPApplicationStateSerializer.m */ = {isa = PBXFileReference; fileEncoding = 4; lastKnownFileType = sourcecode.c.objc; path = MPApplicationStateSerializer.m; sourceTree = "<group>"; };
		F1C92D761A74F11100CDD48E /* MPBOOLToNSNumberValueTransformer.m */ = {isa = PBXFileReference; fileEncoding = 4; lastKnownFileType = sourcecode.c.objc; path = MPBOOLToNSNumberValueTransformer.m; sourceTree = "<group>"; };
		F1C92D771A74F11100CDD48E /* MPCategoryHelpers.h */ = {isa = PBXFileReference; fileEncoding = 4; lastKnownFileType = sourcecode.c.h; path = MPCategoryHelpers.h; sourceTree = "<group>"; };
		F1C92D781A74F11100CDD48E /* MPCATransform3DToNSDictionaryValueTransformer.m */ = {isa = PBXFileReference; fileEncoding = 4; lastKnownFileType = sourcecode.c.objc; path = MPCATransform3DToNSDictionaryValueTransformer.m; sourceTree = "<group>"; };
		F1C92D791A74F11100CDD48E /* MPCGAffineTransformToNSDictionaryValueTransformer.m */ = {isa = PBXFileReference; fileEncoding = 4; lastKnownFileType = sourcecode.c.objc; path = MPCGAffineTransformToNSDictionaryValueTransformer.m; sourceTree = "<group>"; };
		F1C92D7A1A74F11100CDD48E /* MPCGColorRefToNSStringValueTransformer.m */ = {isa = PBXFileReference; fileEncoding = 4; lastKnownFileType = sourcecode.c.objc; path = MPCGColorRefToNSStringValueTransformer.m; sourceTree = "<group>"; };
		F1C92D7B1A74F11100CDD48E /* MPCGPointToNSDictionaryValueTransformer.m */ = {isa = PBXFileReference; fileEncoding = 4; lastKnownFileType = sourcecode.c.objc; path = MPCGPointToNSDictionaryValueTransformer.m; sourceTree = "<group>"; };
		F1C92D7C1A74F11100CDD48E /* MPCGRectToNSDictionaryValueTransformer.m */ = {isa = PBXFileReference; fileEncoding = 4; lastKnownFileType = sourcecode.c.objc; path = MPCGRectToNSDictionaryValueTransformer.m; sourceTree = "<group>"; };
		F1C92D7D1A74F11100CDD48E /* MPCGSizeToNSDictionaryValueTransformer.m */ = {isa = PBXFileReference; fileEncoding = 4; lastKnownFileType = sourcecode.c.objc; path = MPCGSizeToNSDictionaryValueTransformer.m; sourceTree = "<group>"; };
		F1C92D7E1A74F11100CDD48E /* MPClassDescription.h */ = {isa = PBXFileReference; fileEncoding = 4; lastKnownFileType = sourcecode.c.h; path = MPClassDescription.h; sourceTree = "<group>"; };
		F1C92D7F1A74F11100CDD48E /* MPClassDescription.m */ = {isa = PBXFileReference; fileEncoding = 4; lastKnownFileType = sourcecode.c.objc; path = MPClassDescription.m; sourceTree = "<group>"; };
		F1C92D801A74F11100CDD48E /* MPCloseBtn.png */ = {isa = PBXFileReference; lastKnownFileType = image.png; path = MPCloseBtn.png; sourceTree = "<group>"; };
		F1C92D811A74F11100CDD48E /* MPCloseBtn@2x.png */ = {isa = PBXFileReference; lastKnownFileType = image.png; path = "MPCloseBtn@2x.png"; sourceTree = "<group>"; };
		F1C92D821A74F11100CDD48E /* MPDesignerEventBindingMessage.h */ = {isa = PBXFileReference; fileEncoding = 4; lastKnownFileType = sourcecode.c.h; path = MPDesignerEventBindingMessage.h; sourceTree = "<group>"; };
		F1C92D831A74F11100CDD48E /* MPDesignerEventBindingRequestMesssage.m */ = {isa = PBXFileReference; fileEncoding = 4; lastKnownFileType = sourcecode.c.objc; path = MPDesignerEventBindingRequestMesssage.m; sourceTree = "<group>"; };
		F1C92D841A74F11100CDD48E /* MPDesignerEventBindingResponseMesssage.m */ = {isa = PBXFileReference; fileEncoding = 4; lastKnownFileType = sourcecode.c.objc; path = MPDesignerEventBindingResponseMesssage.m; sourceTree = "<group>"; };
		F1C92D851A74F11100CDD48E /* MPDesignerSessionCollection.h */ = {isa = PBXFileReference; fileEncoding = 4; lastKnownFileType = sourcecode.c.h; path = MPDesignerSessionCollection.h; sourceTree = "<group>"; };
		F1C92D861A74F11100CDD48E /* MPDesignerTrackMessage.m */ = {isa = PBXFileReference; fileEncoding = 4; lastKnownFileType = sourcecode.c.objc; path = MPDesignerTrackMessage.m; sourceTree = "<group>"; };
		F1C92D871A74F11100CDD48E /* MPEnumDescription.h */ = {isa = PBXFileReference; fileEncoding = 4; lastKnownFileType = sourcecode.c.h; path = MPEnumDescription.h; sourceTree = "<group>"; };
		F1C92D881A74F11100CDD48E /* MPEnumDescription.m */ = {isa = PBXFileReference; fileEncoding = 4; lastKnownFileType = sourcecode.c.objc; path = MPEnumDescription.m; sourceTree = "<group>"; };
		F1C92D891A74F11100CDD48E /* MPEventBinding.h */ = {isa = PBXFileReference; fileEncoding = 4; lastKnownFileType = sourcecode.c.h; path = MPEventBinding.h; sourceTree = "<group>"; };
		F1C92D8A1A74F11100CDD48E /* MPEventBinding.m */ = {isa = PBXFileReference; fileEncoding = 4; lastKnownFileType = sourcecode.c.objc; path = MPEventBinding.m; sourceTree = "<group>"; };
		F1C92D8B1A74F11100CDD48E /* MPLogger.h */ = {isa = PBXFileReference; fileEncoding = 4; lastKnownFileType = sourcecode.c.h; path = MPLogger.h; sourceTree = "<group>"; };
		F1C92D8C1A74F11100CDD48E /* MPNotification.h */ = {isa = PBXFileReference; fileEncoding = 4; lastKnownFileType = sourcecode.c.h; path = MPNotification.h; sourceTree = "<group>"; };
		F1C92D8D1A74F11100CDD48E /* MPNotification.m */ = {isa = PBXFileReference; fileEncoding = 4; lastKnownFileType = sourcecode.c.objc; path = MPNotification.m; sourceTree = "<group>"; };
		F1C92D8E1A74F11100CDD48E /* MPNotification.storyboard */ = {isa = PBXFileReference; fileEncoding = 4; lastKnownFileType = file.storyboard; path = MPNotification.storyboard; sourceTree = "<group>"; };
		F1C92D8F1A74F11100CDD48E /* MPNotificationViewController.h */ = {isa = PBXFileReference; fileEncoding = 4; lastKnownFileType = sourcecode.c.h; path = MPNotificationViewController.h; sourceTree = "<group>"; };
		F1C92D901A74F11100CDD48E /* MPNotificationViewController.m */ = {isa = PBXFileReference; fileEncoding = 4; lastKnownFileType = sourcecode.c.objc; path = MPNotificationViewController.m; sourceTree = "<group>"; };
		F1C92D911A74F11100CDD48E /* MPNSAttributedStringToNSDictionaryValueTransformer.m */ = {isa = PBXFileReference; fileEncoding = 4; lastKnownFileType = sourcecode.c.objc; path = MPNSAttributedStringToNSDictionaryValueTransformer.m; sourceTree = "<group>"; };
		F1C92D921A74F11100CDD48E /* MPNSNumberToCGFloatValueTransformer.m */ = {isa = PBXFileReference; fileEncoding = 4; lastKnownFileType = sourcecode.c.objc; path = MPNSNumberToCGFloatValueTransformer.m; sourceTree = "<group>"; };
		F1C92D931A74F11100CDD48E /* MPObjectIdentifierProvider.h */ = {isa = PBXFileReference; fileEncoding = 4; lastKnownFileType = sourcecode.c.h; path = MPObjectIdentifierProvider.h; sourceTree = "<group>"; };
		F1C92D941A74F11100CDD48E /* MPObjectIdentityProvider.h */ = {isa = PBXFileReference; fileEncoding = 4; lastKnownFileType = sourcecode.c.h; path = MPObjectIdentityProvider.h; sourceTree = "<group>"; };
		F1C92D951A74F11100CDD48E /* MPObjectIdentityProvider.m */ = {isa = PBXFileReference; fileEncoding = 4; lastKnownFileType = sourcecode.c.objc; path = MPObjectIdentityProvider.m; sourceTree = "<group>"; };
		F1C92D961A74F11100CDD48E /* MPObjectSelector.h */ = {isa = PBXFileReference; fileEncoding = 4; lastKnownFileType = sourcecode.c.h; path = MPObjectSelector.h; sourceTree = "<group>"; };
		F1C92D971A74F11100CDD48E /* MPObjectSelector.m */ = {isa = PBXFileReference; fileEncoding = 4; lastKnownFileType = sourcecode.c.objc; path = MPObjectSelector.m; sourceTree = "<group>"; };
		F1C92D981A74F11100CDD48E /* MPObjectSerializer.h */ = {isa = PBXFileReference; fileEncoding = 4; lastKnownFileType = sourcecode.c.h; path = MPObjectSerializer.h; sourceTree = "<group>"; };
		F1C92D991A74F11100CDD48E /* MPObjectSerializer.m */ = {isa = PBXFileReference; fileEncoding = 4; lastKnownFileType = sourcecode.c.objc; path = MPObjectSerializer.m; sourceTree = "<group>"; };
		F1C92D9A1A74F11100CDD48E /* MPObjectSerializerConfig.h */ = {isa = PBXFileReference; fileEncoding = 4; lastKnownFileType = sourcecode.c.h; path = MPObjectSerializerConfig.h; sourceTree = "<group>"; };
		F1C92D9B1A74F11100CDD48E /* MPObjectSerializerConfig.m */ = {isa = PBXFileReference; fileEncoding = 4; lastKnownFileType = sourcecode.c.objc; path = MPObjectSerializerConfig.m; sourceTree = "<group>"; };
		F1C92D9C1A74F11100CDD48E /* MPObjectSerializerContext.h */ = {isa = PBXFileReference; fileEncoding = 4; lastKnownFileType = sourcecode.c.h; path = MPObjectSerializerContext.h; sourceTree = "<group>"; };
		F1C92D9D1A74F11100CDD48E /* MPObjectSerializerContext.m */ = {isa = PBXFileReference; fileEncoding = 4; lastKnownFileType = sourcecode.c.objc; path = MPObjectSerializerContext.m; sourceTree = "<group>"; };
		F1C92D9E1A74F11100CDD48E /* MPPassThroughValueTransformer.m */ = {isa = PBXFileReference; fileEncoding = 4; lastKnownFileType = sourcecode.c.objc; path = MPPassThroughValueTransformer.m; sourceTree = "<group>"; };
		F1C92D9F1A74F11100CDD48E /* MPPropertyDescription.h */ = {isa = PBXFileReference; fileEncoding = 4; lastKnownFileType = sourcecode.c.h; path = MPPropertyDescription.h; sourceTree = "<group>"; };
		F1C92DA01A74F11100CDD48E /* MPPropertyDescription.m */ = {isa = PBXFileReference; fileEncoding = 4; lastKnownFileType = sourcecode.c.objc; path = MPPropertyDescription.m; sourceTree = "<group>"; };
		F1C92DA11A74F11100CDD48E /* MPSequenceGenerator.h */ = {isa = PBXFileReference; fileEncoding = 4; lastKnownFileType = sourcecode.c.h; path = MPSequenceGenerator.h; sourceTree = "<group>"; };
		F1C92DA21A74F11100CDD48E /* MPSequenceGenerator.m */ = {isa = PBXFileReference; fileEncoding = 4; lastKnownFileType = sourcecode.c.objc; path = MPSequenceGenerator.m; sourceTree = "<group>"; };
		F1C92DA31A74F11100CDD48E /* MPSurvey.h */ = {isa = PBXFileReference; fileEncoding = 4; lastKnownFileType = sourcecode.c.h; path = MPSurvey.h; sourceTree = "<group>"; };
		F1C92DA41A74F11100CDD48E /* MPSurvey.m */ = {isa = PBXFileReference; fileEncoding = 4; lastKnownFileType = sourcecode.c.objc; path = MPSurvey.m; sourceTree = "<group>"; };
		F1C92DA51A74F11100CDD48E /* MPSurvey.storyboard */ = {isa = PBXFileReference; fileEncoding = 4; lastKnownFileType = file.storyboard; path = MPSurvey.storyboard; sourceTree = "<group>"; };
		F1C92DA61A74F11100CDD48E /* MPSurveyNavigationController.h */ = {isa = PBXFileReference; fileEncoding = 4; lastKnownFileType = sourcecode.c.h; path = MPSurveyNavigationController.h; sourceTree = "<group>"; };
		F1C92DA71A74F11100CDD48E /* MPSurveyNavigationController.m */ = {isa = PBXFileReference; fileEncoding = 4; lastKnownFileType = sourcecode.c.objc; path = MPSurveyNavigationController.m; sourceTree = "<group>"; };
		F1C92DA81A74F11100CDD48E /* MPSurveyQuestion.h */ = {isa = PBXFileReference; fileEncoding = 4; lastKnownFileType = sourcecode.c.h; path = MPSurveyQuestion.h; sourceTree = "<group>"; };
		F1C92DA91A74F11100CDD48E /* MPSurveyQuestion.m */ = {isa = PBXFileReference; fileEncoding = 4; lastKnownFileType = sourcecode.c.objc; path = MPSurveyQuestion.m; sourceTree = "<group>"; };
		F1C92DAA1A74F11100CDD48E /* MPSurveyQuestionViewController.h */ = {isa = PBXFileReference; fileEncoding = 4; lastKnownFileType = sourcecode.c.h; path = MPSurveyQuestionViewController.h; sourceTree = "<group>"; };
		F1C92DAB1A74F11100CDD48E /* MPSurveyQuestionViewController.m */ = {isa = PBXFileReference; fileEncoding = 4; lastKnownFileType = sourcecode.c.objc; path = MPSurveyQuestionViewController.m; sourceTree = "<group>"; };
		F1C92DAC1A74F11100CDD48E /* MPSwizzler.h */ = {isa = PBXFileReference; fileEncoding = 4; lastKnownFileType = sourcecode.c.h; path = MPSwizzler.h; sourceTree = "<group>"; };
		F1C92DAD1A74F11100CDD48E /* MPSwizzler.m */ = {isa = PBXFileReference; fileEncoding = 4; lastKnownFileType = sourcecode.c.objc; path = MPSwizzler.m; sourceTree = "<group>"; };
		F1C92DAE1A74F11100CDD48E /* MPTweak.h */ = {isa = PBXFileReference; fileEncoding = 4; lastKnownFileType = sourcecode.c.h; path = MPTweak.h; sourceTree = "<group>"; };
		F1C92DAF1A74F11100CDD48E /* MPTweak.m */ = {isa = PBXFileReference; fileEncoding = 4; lastKnownFileType = sourcecode.c.objc; path = MPTweak.m; sourceTree = "<group>"; };
		F1C92DB01A74F11100CDD48E /* MPTweakInline.h */ = {isa = PBXFileReference; fileEncoding = 4; lastKnownFileType = sourcecode.c.h; path = MPTweakInline.h; sourceTree = "<group>"; };
		F1C92DB11A74F11100CDD48E /* MPTweakInline.m */ = {isa = PBXFileReference; fileEncoding = 4; lastKnownFileType = sourcecode.c.objc; path = MPTweakInline.m; sourceTree = "<group>"; };
		F1C92DB21A74F11100CDD48E /* MPTweakInlineInternal.h */ = {isa = PBXFileReference; fileEncoding = 4; lastKnownFileType = sourcecode.c.h; path = MPTweakInlineInternal.h; sourceTree = "<group>"; };
		F1C92DB31A74F11100CDD48E /* MPTweakStore.h */ = {isa = PBXFileReference; fileEncoding = 4; lastKnownFileType = sourcecode.c.h; path = MPTweakStore.h; sourceTree = "<group>"; };
		F1C92DB41A74F11100CDD48E /* MPTweakStore.m */ = {isa = PBXFileReference; fileEncoding = 4; lastKnownFileType = sourcecode.c.objc; path = MPTweakStore.m; sourceTree = "<group>"; };
		F1C92DB51A74F11100CDD48E /* MPTypeDescription.h */ = {isa = PBXFileReference; fileEncoding = 4; lastKnownFileType = sourcecode.c.h; path = MPTypeDescription.h; sourceTree = "<group>"; };
		F1C92DB61A74F11100CDD48E /* MPTypeDescription.m */ = {isa = PBXFileReference; fileEncoding = 4; lastKnownFileType = sourcecode.c.objc; path = MPTypeDescription.m; sourceTree = "<group>"; };
		F1C92DB71A74F11100CDD48E /* MPUIColorToNSStringValueTransformer.m */ = {isa = PBXFileReference; fileEncoding = 4; lastKnownFileType = sourcecode.c.objc; path = MPUIColorToNSStringValueTransformer.m; sourceTree = "<group>"; };
		F1C92DB81A74F11100CDD48E /* MPUIControlBinding.h */ = {isa = PBXFileReference; fileEncoding = 4; lastKnownFileType = sourcecode.c.h; path = MPUIControlBinding.h; sourceTree = "<group>"; };
		F1C92DB91A74F11100CDD48E /* MPUIControlBinding.m */ = {isa = PBXFileReference; fileEncoding = 4; lastKnownFileType = sourcecode.c.objc; path = MPUIControlBinding.m; sourceTree = "<group>"; };
		F1C92DBA1A74F11100CDD48E /* MPUIEdgeInsetsToNSDictionaryValueTransformer.m */ = {isa = PBXFileReference; fileEncoding = 4; lastKnownFileType = sourcecode.c.objc; path = MPUIEdgeInsetsToNSDictionaryValueTransformer.m; sourceTree = "<group>"; };
		F1C92DBB1A74F11100CDD48E /* MPUIFontToNSDictionaryValueTransformer.m */ = {isa = PBXFileReference; fileEncoding = 4; lastKnownFileType = sourcecode.c.objc; path = MPUIFontToNSDictionaryValueTransformer.m; sourceTree = "<group>"; };
		F1C92DBC1A74F11100CDD48E /* MPUIImageToNSDictionaryValueTransformer.m */ = {isa = PBXFileReference; fileEncoding = 4; lastKnownFileType = sourcecode.c.objc; path = MPUIImageToNSDictionaryValueTransformer.m; sourceTree = "<group>"; };
		F1C92DBD1A74F11100CDD48E /* MPUITableViewBinding.h */ = {isa = PBXFileReference; fileEncoding = 4; lastKnownFileType = sourcecode.c.h; path = MPUITableViewBinding.h; sourceTree = "<group>"; };
		F1C92DBE1A74F11100CDD48E /* MPUITableViewBinding.m */ = {isa = PBXFileReference; fileEncoding = 4; lastKnownFileType = sourcecode.c.objc; path = MPUITableViewBinding.m; sourceTree = "<group>"; };
		F1C92DBF1A74F11100CDD48E /* MPValueTransformers.h */ = {isa = PBXFileReference; fileEncoding = 4; lastKnownFileType = sourcecode.c.h; path = MPValueTransformers.h; sourceTree = "<group>"; };
		F1C92DC01A74F11100CDD48E /* MPVariant.h */ = {isa = PBXFileReference; fileEncoding = 4; lastKnownFileType = sourcecode.c.h; path = MPVariant.h; sourceTree = "<group>"; };
		F1C92DC11A74F11100CDD48E /* MPVariant.m */ = {isa = PBXFileReference; fileEncoding = 4; lastKnownFileType = sourcecode.c.objc; path = MPVariant.m; sourceTree = "<group>"; };
		F1C92DC21A74F11100CDD48E /* MPWebSocket.h */ = {isa = PBXFileReference; fileEncoding = 4; lastKnownFileType = sourcecode.c.h; path = MPWebSocket.h; sourceTree = "<group>"; };
		F1C92DC31A74F11100CDD48E /* MPWebSocket.m */ = {isa = PBXFileReference; fileEncoding = 4; lastKnownFileType = sourcecode.c.objc; path = MPWebSocket.m; sourceTree = "<group>"; };
		F1C92DC41A74F11100CDD48E /* NSData+MPBase64.h */ = {isa = PBXFileReference; fileEncoding = 4; lastKnownFileType = sourcecode.c.h; path = "NSData+MPBase64.h"; sourceTree = "<group>"; };
		F1C92DC51A74F11100CDD48E /* NSData+MPBase64.m */ = {isa = PBXFileReference; fileEncoding = 4; lastKnownFileType = sourcecode.c.objc; path = "NSData+MPBase64.m"; sourceTree = "<group>"; };
		F1C92DC61A74F11100CDD48E /* NSInvocation+MPHelpers.h */ = {isa = PBXFileReference; fileEncoding = 4; lastKnownFileType = sourcecode.c.h; path = "NSInvocation+MPHelpers.h"; sourceTree = "<group>"; };
		F1C92DC71A74F11100CDD48E /* NSInvocation+MPHelpers.m */ = {isa = PBXFileReference; fileEncoding = 4; lastKnownFileType = sourcecode.c.objc; path = "NSInvocation+MPHelpers.m"; sourceTree = "<group>"; };
		F1C92DC81A74F11100CDD48E /* snapshot_config.json */ = {isa = PBXFileReference; fileEncoding = 4; lastKnownFileType = text.json; path = snapshot_config.json; sourceTree = "<group>"; };
		F1C92DC91A74F11100CDD48E /* test_variant.json */ = {isa = PBXFileReference; fileEncoding = 4; lastKnownFileType = text.json; path = test_variant.json; sourceTree = "<group>"; };
		F1C92DCA1A74F11100CDD48E /* UIColor+MPColor.h */ = {isa = PBXFileReference; fileEncoding = 4; lastKnownFileType = sourcecode.c.h; path = "UIColor+MPColor.h"; sourceTree = "<group>"; };
		F1C92DCB1A74F11100CDD48E /* UIColor+MPColor.m */ = {isa = PBXFileReference; fileEncoding = 4; lastKnownFileType = sourcecode.c.objc; path = "UIColor+MPColor.m"; sourceTree = "<group>"; };
		F1C92DCC1A74F11100CDD48E /* UIImage+MPAverageColor.h */ = {isa = PBXFileReference; fileEncoding = 4; lastKnownFileType = sourcecode.c.h; path = "UIImage+MPAverageColor.h"; sourceTree = "<group>"; };
		F1C92DCD1A74F11100CDD48E /* UIImage+MPAverageColor.m */ = {isa = PBXFileReference; fileEncoding = 4; lastKnownFileType = sourcecode.c.objc; path = "UIImage+MPAverageColor.m"; sourceTree = "<group>"; };
		F1C92DCE1A74F11100CDD48E /* UIImage+MPImageEffects.h */ = {isa = PBXFileReference; fileEncoding = 4; lastKnownFileType = sourcecode.c.h; path = "UIImage+MPImageEffects.h"; sourceTree = "<group>"; };
		F1C92DCF1A74F11100CDD48E /* UIImage+MPImageEffects.m */ = {isa = PBXFileReference; fileEncoding = 4; lastKnownFileType = sourcecode.c.objc; path = "UIImage+MPImageEffects.m"; sourceTree = "<group>"; };
		F1C92E101A75116300CDD48E /* libicucore.dylib */ = {isa = PBXFileReference; lastKnownFileType = "compiled.mach-o.dylib"; name = libicucore.dylib; path = usr/lib/libicucore.dylib; sourceTree = SDKROOT; };
/* End PBXFileReference section */

/* Begin PBXFrameworksBuildPhase section */
		F1C92C691A74E60700CDD48E /* Frameworks */ = {
			isa = PBXFrameworksBuildPhase;
			buildActionMask = 2147483647;
			files = (
				F1C92E111A75116300CDD48E /* libicucore.dylib in Frameworks */,
				F1C92D511A74E97F00CDD48E /* QuartzCore.framework in Frameworks */,
				F1C92D4F1A74E97400CDD48E /* CoreGraphics.framework in Frameworks */,
				F1C92DD11A74F11100CDD48E /* libMPCategoryHelpers.a in Frameworks */,
				F1C92D4D1A74E96900CDD48E /* Accelerate.framework in Frameworks */,
				F1C92D4B1A74E95D00CDD48E /* CoreTelephony.framework in Frameworks */,
				F1C92D491A74E94E00CDD48E /* SystemConfiguration.framework in Frameworks */,
				F1C92D471A74E93F00CDD48E /* Foundation.framework in Frameworks */,
				F1C92D451A74E93600CDD48E /* UIKit.framework in Frameworks */,
			);
			runOnlyForDeploymentPostprocessing = 0;
		};
		F1C92C741A74E60700CDD48E /* Frameworks */ = {
			isa = PBXFrameworksBuildPhase;
			buildActionMask = 2147483647;
			files = (
				F1C92C781A74E60700CDD48E /* libmixpanel.a in Frameworks */,
			);
			runOnlyForDeploymentPostprocessing = 0;
		};
/* End PBXFrameworksBuildPhase section */

/* Begin PBXGroup section */
		F1C92C631A74E60700CDD48E = {
			isa = PBXGroup;
			children = (
				F1C92E101A75116300CDD48E /* libicucore.dylib */,
				F1C92D501A74E97F00CDD48E /* QuartzCore.framework */,
				F1C92D4E1A74E97400CDD48E /* CoreGraphics.framework */,
				F1C92D4C1A74E96900CDD48E /* Accelerate.framework */,
				F1C92D4A1A74E95D00CDD48E /* CoreTelephony.framework */,
				F1C92D481A74E94E00CDD48E /* SystemConfiguration.framework */,
				F1C92D461A74E93F00CDD48E /* Foundation.framework */,
				F1C92D441A74E93600CDD48E /* UIKit.framework */,
				F1C92C6E1A74E60700CDD48E /* mixpanel */,
				F1C92C7B1A74E60700CDD48E /* mixpanelTests */,
				F1C92C6D1A74E60700CDD48E /* Products */,
			);
			sourceTree = "<group>";
		};
		F1C92C6D1A74E60700CDD48E /* Products */ = {
			isa = PBXGroup;
			children = (
				F1C92C6C1A74E60700CDD48E /* libmixpanel.a */,
				F1C92C771A74E60700CDD48E /* mixpanelTests.xctest */,
			);
			name = Products;
			sourceTree = "<group>";
		};
		F1C92C6E1A74E60700CDD48E /* mixpanel */ = {
			isa = PBXGroup;
			children = (
				F1C92D531A74F11100CDD48E /* _MPTweakBindObserver.h */,
				F1C92D541A74F11100CDD48E /* _MPTweakBindObserver.m */,
				F1C92D551A74F11100CDD48E /* libMPCategoryHelpers.a */,
				F1C92D561A74F11100CDD48E /* Media.xcassets */,
				F1C92D571A74F11100CDD48E /* Mixpanel.h */,
				F1C92D581A74F11100CDD48E /* Mixpanel.m */,
				F1C92D591A74F11100CDD48E /* MPAbstractABTestDesignerMessage.h */,
				F1C92D5A1A74F11100CDD48E /* MPAbstractABTestDesignerMessage.m */,
				F1C92D5B1A74F11100CDD48E /* MPABTestDesignerChangeRequestMessage.h */,
				F1C92D5C1A74F11100CDD48E /* MPABTestDesignerChangeRequestMessage.m */,
				F1C92D5D1A74F11100CDD48E /* MPABTestDesignerChangeResponseMessage.h */,
				F1C92D5E1A74F11100CDD48E /* MPABTestDesignerChangeResponseMessage.m */,
				F1C92D5F1A74F11100CDD48E /* MPABTestDesignerClearRequestMessage.h */,
				F1C92D601A74F11100CDD48E /* MPABTestDesignerClearRequestMessage.m */,
				F1C92D611A74F11100CDD48E /* MPABTestDesignerClearResponseMessage.h */,
				F1C92D621A74F11100CDD48E /* MPABTestDesignerClearResponseMessage.m */,
				F1C92D631A74F11100CDD48E /* MPABTestDesignerConnection.h */,
				F1C92D641A74F11100CDD48E /* MPABTestDesignerConnection.m */,
				F1C92D651A74F11100CDD48E /* MPABTestDesignerDeviceInfoRequestMessage.h */,
				F1C92D661A74F11100CDD48E /* MPABTestDesignerDeviceInfoRequestMessage.m */,
				F1C92D671A74F11100CDD48E /* MPABTestDesignerDeviceInfoResponseMessage.h */,
				F1C92D681A74F11100CDD48E /* MPABTestDesignerDeviceInfoResponseMessage.m */,
				F1C92D691A74F11100CDD48E /* MPABTestDesignerDisconnectMessage.h */,
				F1C92D6A1A74F11100CDD48E /* MPABTestDesignerDisconnectMessage.m */,
				F1C92D6B1A74F11100CDD48E /* MPABTestDesignerMessage.h */,
				F1C92D6C1A74F11100CDD48E /* MPABTestDesignerSnapshotRequestMessage.h */,
				F1C92D6D1A74F11100CDD48E /* MPABTestDesignerSnapshotRequestMessage.m */,
				F1C92D6E1A74F11100CDD48E /* MPABTestDesignerSnapshotResponseMessage.h */,
				F1C92D6F1A74F11100CDD48E /* MPABTestDesignerSnapshotResponseMessage.m */,
				F1C92D701A74F11100CDD48E /* MPABTestDesignerTweakRequestMessage.h */,
				F1C92D711A74F11100CDD48E /* MPABTestDesignerTweakRequestMessage.m */,
				F1C92D721A74F11100CDD48E /* MPABTestDesignerTweakResponseMessage.h */,
				F1C92D731A74F11100CDD48E /* MPABTestDesignerTweakResponseMessage.m */,
				F1C92D741A74F11100CDD48E /* MPApplicationStateSerializer.h */,
				F1C92D751A74F11100CDD48E /* MPApplicationStateSerializer.m */,
				F1C92D761A74F11100CDD48E /* MPBOOLToNSNumberValueTransformer.m */,
				F1C92D771A74F11100CDD48E /* MPCategoryHelpers.h */,
				F1C92D781A74F11100CDD48E /* MPCATransform3DToNSDictionaryValueTransformer.m */,
				F1C92D791A74F11100CDD48E /* MPCGAffineTransformToNSDictionaryValueTransformer.m */,
				F1C92D7A1A74F11100CDD48E /* MPCGColorRefToNSStringValueTransformer.m */,
				F1C92D7B1A74F11100CDD48E /* MPCGPointToNSDictionaryValueTransformer.m */,
				F1C92D7C1A74F11100CDD48E /* MPCGRectToNSDictionaryValueTransformer.m */,
				F1C92D7D1A74F11100CDD48E /* MPCGSizeToNSDictionaryValueTransformer.m */,
				F1C92D7E1A74F11100CDD48E /* MPClassDescription.h */,
				F1C92D7F1A74F11100CDD48E /* MPClassDescription.m */,
				F1C92D801A74F11100CDD48E /* MPCloseBtn.png */,
				F1C92D811A74F11100CDD48E /* MPCloseBtn@2x.png */,
				F1C92D821A74F11100CDD48E /* MPDesignerEventBindingMessage.h */,
				F1C92D831A74F11100CDD48E /* MPDesignerEventBindingRequestMesssage.m */,
				F1C92D841A74F11100CDD48E /* MPDesignerEventBindingResponseMesssage.m */,
				F1C92D851A74F11100CDD48E /* MPDesignerSessionCollection.h */,
				F1C92D861A74F11100CDD48E /* MPDesignerTrackMessage.m */,
				F1C92D871A74F11100CDD48E /* MPEnumDescription.h */,
				F1C92D881A74F11100CDD48E /* MPEnumDescription.m */,
				F1C92D891A74F11100CDD48E /* MPEventBinding.h */,
				F1C92D8A1A74F11100CDD48E /* MPEventBinding.m */,
				F1C92D8B1A74F11100CDD48E /* MPLogger.h */,
				F1C92D8C1A74F11100CDD48E /* MPNotification.h */,
				F1C92D8D1A74F11100CDD48E /* MPNotification.m */,
				F1C92D8E1A74F11100CDD48E /* MPNotification.storyboard */,
				F1C92D8F1A74F11100CDD48E /* MPNotificationViewController.h */,
				F1C92D901A74F11100CDD48E /* MPNotificationViewController.m */,
				F1C92D911A74F11100CDD48E /* MPNSAttributedStringToNSDictionaryValueTransformer.m */,
				F1C92D921A74F11100CDD48E /* MPNSNumberToCGFloatValueTransformer.m */,
				F1C92D931A74F11100CDD48E /* MPObjectIdentifierProvider.h */,
				F1C92D941A74F11100CDD48E /* MPObjectIdentityProvider.h */,
				F1C92D951A74F11100CDD48E /* MPObjectIdentityProvider.m */,
				F1C92D961A74F11100CDD48E /* MPObjectSelector.h */,
				F1C92D971A74F11100CDD48E /* MPObjectSelector.m */,
				F1C92D981A74F11100CDD48E /* MPObjectSerializer.h */,
				F1C92D991A74F11100CDD48E /* MPObjectSerializer.m */,
				F1C92D9A1A74F11100CDD48E /* MPObjectSerializerConfig.h */,
				F1C92D9B1A74F11100CDD48E /* MPObjectSerializerConfig.m */,
				F1C92D9C1A74F11100CDD48E /* MPObjectSerializerContext.h */,
				F1C92D9D1A74F11100CDD48E /* MPObjectSerializerContext.m */,
				F1C92D9E1A74F11100CDD48E /* MPPassThroughValueTransformer.m */,
				F1C92D9F1A74F11100CDD48E /* MPPropertyDescription.h */,
				F1C92DA01A74F11100CDD48E /* MPPropertyDescription.m */,
				F1C92DA11A74F11100CDD48E /* MPSequenceGenerator.h */,
				F1C92DA21A74F11100CDD48E /* MPSequenceGenerator.m */,
				F1C92DA31A74F11100CDD48E /* MPSurvey.h */,
				F1C92DA41A74F11100CDD48E /* MPSurvey.m */,
				F1C92DA51A74F11100CDD48E /* MPSurvey.storyboard */,
				F1C92DA61A74F11100CDD48E /* MPSurveyNavigationController.h */,
				F1C92DA71A74F11100CDD48E /* MPSurveyNavigationController.m */,
				F1C92DA81A74F11100CDD48E /* MPSurveyQuestion.h */,
				F1C92DA91A74F11100CDD48E /* MPSurveyQuestion.m */,
				F1C92DAA1A74F11100CDD48E /* MPSurveyQuestionViewController.h */,
				F1C92DAB1A74F11100CDD48E /* MPSurveyQuestionViewController.m */,
				F1C92DAC1A74F11100CDD48E /* MPSwizzler.h */,
				F1C92DAD1A74F11100CDD48E /* MPSwizzler.m */,
				F1C92DAE1A74F11100CDD48E /* MPTweak.h */,
				F1C92DAF1A74F11100CDD48E /* MPTweak.m */,
				F1C92DB01A74F11100CDD48E /* MPTweakInline.h */,
				F1C92DB11A74F11100CDD48E /* MPTweakInline.m */,
				F1C92DB21A74F11100CDD48E /* MPTweakInlineInternal.h */,
				F1C92DB31A74F11100CDD48E /* MPTweakStore.h */,
				F1C92DB41A74F11100CDD48E /* MPTweakStore.m */,
				F1C92DB51A74F11100CDD48E /* MPTypeDescription.h */,
				F1C92DB61A74F11100CDD48E /* MPTypeDescription.m */,
				F1C92DB71A74F11100CDD48E /* MPUIColorToNSStringValueTransformer.m */,
				F1C92DB81A74F11100CDD48E /* MPUIControlBinding.h */,
				F1C92DB91A74F11100CDD48E /* MPUIControlBinding.m */,
				F1C92DBA1A74F11100CDD48E /* MPUIEdgeInsetsToNSDictionaryValueTransformer.m */,
				F1C92DBB1A74F11100CDD48E /* MPUIFontToNSDictionaryValueTransformer.m */,
				F1C92DBC1A74F11100CDD48E /* MPUIImageToNSDictionaryValueTransformer.m */,
				F1C92DBD1A74F11100CDD48E /* MPUITableViewBinding.h */,
				F1C92DBE1A74F11100CDD48E /* MPUITableViewBinding.m */,
				F1C92DBF1A74F11100CDD48E /* MPValueTransformers.h */,
				F1C92DC01A74F11100CDD48E /* MPVariant.h */,
				F1C92DC11A74F11100CDD48E /* MPVariant.m */,
				F1C92DC21A74F11100CDD48E /* MPWebSocket.h */,
				F1C92DC31A74F11100CDD48E /* MPWebSocket.m */,
				F1C92DC41A74F11100CDD48E /* NSData+MPBase64.h */,
				F1C92DC51A74F11100CDD48E /* NSData+MPBase64.m */,
				F1C92DC61A74F11100CDD48E /* NSInvocation+MPHelpers.h */,
				F1C92DC71A74F11100CDD48E /* NSInvocation+MPHelpers.m */,
				F1C92DC81A74F11100CDD48E /* snapshot_config.json */,
				F1C92DC91A74F11100CDD48E /* test_variant.json */,
				F1C92DCA1A74F11100CDD48E /* UIColor+MPColor.h */,
				F1C92DCB1A74F11100CDD48E /* UIColor+MPColor.m */,
				F1C92DCC1A74F11100CDD48E /* UIImage+MPAverageColor.h */,
				F1C92DCD1A74F11100CDD48E /* UIImage+MPAverageColor.m */,
				F1C92DCE1A74F11100CDD48E /* UIImage+MPImageEffects.h */,
				F1C92DCF1A74F11100CDD48E /* UIImage+MPImageEffects.m */,
			);
			path = mixpanel;
			sourceTree = "<group>";
		};
		F1C92C7B1A74E60700CDD48E /* mixpanelTests */ = {
			isa = PBXGroup;
			children = (
				F1C92C7C1A74E60700CDD48E /* Supporting Files */,
			);
			path = mixpanelTests;
			sourceTree = "<group>";
		};
		F1C92C7C1A74E60700CDD48E /* Supporting Files */ = {
			isa = PBXGroup;
			children = (
				F1C92C7D1A74E60700CDD48E /* Info.plist */,
			);
			name = "Supporting Files";
			sourceTree = "<group>";
		};
/* End PBXGroup section */

/* Begin PBXNativeTarget section */
		F1C92C6B1A74E60700CDD48E /* mixpanel */ = {
			isa = PBXNativeTarget;
			buildConfigurationList = F1C92C801A74E60700CDD48E /* Build configuration list for PBXNativeTarget "mixpanel" */;
			buildPhases = (
				F1C92C681A74E60700CDD48E /* Sources */,
				F1C92C691A74E60700CDD48E /* Frameworks */,
				F1C92C6A1A74E60700CDD48E /* CopyFiles */,
				F1C92D521A74EF2400CDD48E /* ShellScript */,
			);
			buildRules = (
			);
			dependencies = (
			);
			name = mixpanel;
			productName = mixpanel;
			productReference = F1C92C6C1A74E60700CDD48E /* libmixpanel.a */;
			productType = "com.apple.product-type.library.static";
		};
		F1C92C761A74E60700CDD48E /* mixpanelTests */ = {
			isa = PBXNativeTarget;
			buildConfigurationList = F1C92C831A74E60700CDD48E /* Build configuration list for PBXNativeTarget "mixpanelTests" */;
			buildPhases = (
				F1C92C731A74E60700CDD48E /* Sources */,
				F1C92C741A74E60700CDD48E /* Frameworks */,
				F1C92C751A74E60700CDD48E /* Resources */,
			);
			buildRules = (
			);
			dependencies = (
				F1C92C7A1A74E60700CDD48E /* PBXTargetDependency */,
			);
			name = mixpanelTests;
			productName = mixpanelTests;
			productReference = F1C92C771A74E60700CDD48E /* mixpanelTests.xctest */;
			productType = "com.apple.product-type.bundle.unit-test";
		};
/* End PBXNativeTarget section */

/* Begin PBXProject section */
		F1C92C641A74E60700CDD48E /* Project object */ = {
			isa = PBXProject;
			attributes = {
				LastUpgradeCheck = 0610;
				ORGANIZATIONNAME = "Sargis Sargsyan";
				TargetAttributes = {
					F1C92C6B1A74E60700CDD48E = {
						CreatedOnToolsVersion = 6.1.1;
					};
					F1C92C761A74E60700CDD48E = {
						CreatedOnToolsVersion = 6.1.1;
					};
				};
			};
			buildConfigurationList = F1C92C671A74E60700CDD48E /* Build configuration list for PBXProject "mixpanel" */;
			compatibilityVersion = "Xcode 3.2";
			developmentRegion = English;
			hasScannedForEncodings = 0;
			knownRegions = (
				en,
			);
			mainGroup = F1C92C631A74E60700CDD48E;
			productRefGroup = F1C92C6D1A74E60700CDD48E /* Products */;
			projectDirPath = "";
			projectRoot = "";
			targets = (
				F1C92C6B1A74E60700CDD48E /* mixpanel */,
				F1C92C761A74E60700CDD48E /* mixpanelTests */,
			);
		};
/* End PBXProject section */

/* Begin PBXResourcesBuildPhase section */
		F1C92C751A74E60700CDD48E /* Resources */ = {
			isa = PBXResourcesBuildPhase;
			buildActionMask = 2147483647;
			files = (
			);
			runOnlyForDeploymentPostprocessing = 0;
		};
/* End PBXResourcesBuildPhase section */

/* Begin PBXShellScriptBuildPhase section */
		F1C92D521A74EF2400CDD48E /* ShellScript */ = {
			isa = PBXShellScriptBuildPhase;
			buildActionMask = 2147483647;
			files = (
			);
			inputPaths = (
			);
			outputPaths = (
			);
			runOnlyForDeploymentPostprocessing = 0;
			shellPath = /bin/sh;
			shellScript = "# Version 2.0 (updated for Xcode 4, with some fixes)\n# Changes:\n#    - Works with xcode 4, even when running xcode 3 projects (Workarounds for apple bugs)\n#    - Faster / better: only runs lipo once, instead of once per recursion\n#    - Added some debugging statemetns that can be switched on/off by changing the DEBUG_THIS_SCRIPT variable to \"true\"\n#    - Fixed some typos\n#\n# Purpose:\n#   Create a static library for iPhone from within XCode\n#   Because Apple staff DELIBERATELY broke Xcode to make this impossible from the GUI (Xcode 3.2.3 specifically states this in the Release notes!)\n#   ...no, I don't understand why they did this!\n#\n# Author: Adam Martin - http://twitter.com/redglassesapps\n# Based on: original script from Eonil (main changes: Eonil's script WILL NOT WORK in Xcode GUI - it WILL CRASH YOUR COMPUTER)\n#\n# More info: see this Stack Overflow question: http://stackoverflow.com/questions/3520977/build-fat-static-library-device-simulator-using-xcode-and-sdk-4\n\n#################[ Tests: helps workaround any future bugs in Xcode ]########\n#\nDEBUG_THIS_SCRIPT=\"false\"\n\nif [ $DEBUG_THIS_SCRIPT = \"true\" ]\nthen\necho \"########### TESTS #############\"\necho \"Use the following variables when debugging this script; note that they may change on recursions\"\necho \"BUILD_DIR = $BUILD_DIR\"\necho \"BUILD_ROOT = $BUILD_ROOT\"\necho \"CONFIGURATION_BUILD_DIR = $CONFIGURATION_BUILD_DIR\"\necho \"BUILT_PRODUCTS_DIR = $BUILT_PRODUCTS_DIR\"\necho \"CONFIGURATION_TEMP_DIR = $CONFIGURATION_TEMP_DIR\"\necho \"TARGET_BUILD_DIR = $TARGET_BUILD_DIR\"\nfi\n\n#####################[ part 1 ]##################\n# First, work out the BASESDK version number (NB: Apple ought to report this, but they hide it)\n#    (incidental: searching for substrings in sh is a nightmare! Sob)\n\nSDK_VERSION=$(echo ${SDK_NAME} | grep -o '.\\{3\\}$')\n\n# Next, work out if we're in SIM or DEVICE\n\nif [ ${PLATFORM_NAME} = \"iphonesimulator\" ]\nthen\nOTHER_SDK_TO_BUILD=iphoneos${SDK_VERSION}\nelse\nOTHER_SDK_TO_BUILD=iphonesimulator${SDK_VERSION}\nfi\n\necho \"XCode has selected SDK: ${PLATFORM_NAME} with version: ${SDK_VERSION} (although back-targetting: ${IPHONEOS_DEPLOYMENT_TARGET})\"\necho \"...therefore, OTHER_SDK_TO_BUILD = ${OTHER_SDK_TO_BUILD}\"\n#\n#####################[ end of part 1 ]##################\n\n#####################[ part 2 ]##################\n#\n# IF this is the original invocation, invoke WHATEVER other builds are required\n#\n# Xcode is already building ONE target...\n#\n# ...but this is a LIBRARY, so Apple is wrong to set it to build just one.\n# ...we need to build ALL targets\n# ...we MUST NOT re-build the target that is ALREADY being built: Xcode WILL CRASH YOUR COMPUTER if you try this (infinite recursion!)\n#\n#\n# So: build ONLY the missing platforms/configurations.\n\nif [ \"true\" == ${ALREADYINVOKED:-false} ]\nthen\necho \"RECURSION: I am NOT the root invocation, so I'm NOT going to recurse\"\nelse\n# CRITICAL:\n# Prevent infinite recursion (Xcode sucks)\nexport ALREADYINVOKED=\"true\"\n\necho \"RECURSION: I am the root ... recursing all missing build targets NOW...\"\necho \"RECURSION: ...about to invoke: xcodebuild -configuration \\\"${CONFIGURATION}\\\" -target \\\"${TARGET_NAME}\\\" -sdk \\\"${OTHER_SDK_TO_BUILD}\\\" ${ACTION} RUN_CLANG_STATIC_ANALYZER=NO\"\nxcodebuild -configuration \"${CONFIGURATION}\" -target \"${TARGET_NAME}\" -sdk \"${OTHER_SDK_TO_BUILD}\" ${ACTION} RUN_CLANG_STATIC_ANALYZER=NO BUILD_DIR=\"${BUILD_DIR}\" BUILD_ROOT=\"${BUILD_ROOT}\"\n\nACTION=\"build\"\n\n#Merge all platform binaries as a fat binary for each configurations.\n\n# Calculate where the (multiple) built files are coming from:\nCURRENTCONFIG_DEVICE_DIR=${SYMROOT}/${CONFIGURATION}-iphoneos\nCURRENTCONFIG_SIMULATOR_DIR=${SYMROOT}/${CONFIGURATION}-iphonesimulator\n\necho \"Taking device build from: ${CURRENTCONFIG_DEVICE_DIR}\"\necho \"Taking simulator build from: ${CURRENTCONFIG_SIMULATOR_DIR}\"\n\nCREATING_UNIVERSAL_DIR=${SYMROOT}/${CONFIGURATION}-universal\necho \"...I will output a universal build to: ${CREATING_UNIVERSAL_DIR}\"\n\n# ... remove the products of previous runs of this script\n#      NB: this directory is ONLY created by this script - it should be safe to delete!\n\nrm -rf \"${CREATING_UNIVERSAL_DIR}\"\nmkdir \"${CREATING_UNIVERSAL_DIR}\"\n\n#\necho \"lipo: for current configuration (${CONFIGURATION}) creating output file: ${CREATING_UNIVERSAL_DIR}/${EXECUTABLE_NAME}\"\nlipo -create -output \"${CREATING_UNIVERSAL_DIR}/${EXECUTABLE_NAME}\" \"${CURRENTCONFIG_DEVICE_DIR}/${EXECUTABLE_NAME}\" \"${CURRENTCONFIG_SIMULATOR_DIR}/${EXECUTABLE_NAME}\"\n\n#########\n#\n# Added: StackOverflow suggestion to also copy \"include\" files\n#    (untested, but should work OK)\n#\nif [ -d \"${CURRENTCONFIG_DEVICE_DIR}/usr/local/include\" ]\nthen\nmkdir -p \"${CREATING_UNIVERSAL_DIR}/usr/local/include\"\n# * needs to be outside the double quotes?\ncp \"${CURRENTCONFIG_DEVICE_DIR}/usr/local/include/\"* \"${CREATING_UNIVERSAL_DIR}/usr/local/include\"\nfi\nfi\n\nopen \"${CREATING_UNIVERSAL_DIR}\"";
		};
/* End PBXShellScriptBuildPhase section */

/* Begin PBXSourcesBuildPhase section */
		F1C92C681A74E60700CDD48E /* Sources */ = {
			isa = PBXSourcesBuildPhase;
			buildActionMask = 2147483647;
			files = (
				F1C92DFD1A74F11100CDD48E /* MPSurveyQuestionViewController.m in Sources */,
				F1C92DFC1A74F11100CDD48E /* MPSurveyQuestion.m in Sources */,
				F1C92E001A74F11100CDD48E /* MPTweakInline.m in Sources */,
				F1C92DF51A74F11100CDD48E /* MPObjectSerializerConfig.m in Sources */,
				F1C92DD81A74F11100CDD48E /* MPABTestDesignerConnection.m in Sources */,
				F1C92E0C1A74F11100CDD48E /* NSInvocation+MPHelpers.m in Sources */,
				F1C92DF11A74F11100CDD48E /* MPNSNumberToCGFloatValueTransformer.m in Sources */,
				F1C92DF71A74F11100CDD48E /* MPPassThroughValueTransformer.m in Sources */,
				F1C92E0D1A74F11100CDD48E /* UIColor+MPColor.m in Sources */,
				F1C92DD61A74F11100CDD48E /* MPABTestDesignerClearRequestMessage.m in Sources */,
				F1C92DEF1A74F11100CDD48E /* MPNotificationViewController.m in Sources */,
				F1C92DFA1A74F11100CDD48E /* MPSurvey.m in Sources */,
				F1C92DD01A74F11100CDD48E /* _MPTweakBindObserver.m in Sources */,
				F1C92E071A74F11100CDD48E /* MPUIImageToNSDictionaryValueTransformer.m in Sources */,
				F1C92DEB1A74F11100CDD48E /* MPDesignerTrackMessage.m in Sources */,
				F1C92DF81A74F11100CDD48E /* MPPropertyDescription.m in Sources */,
				F1C92DEA1A74F11100CDD48E /* MPDesignerEventBindingResponseMesssage.m in Sources */,
				F1C92DF01A74F11100CDD48E /* MPNSAttributedStringToNSDictionaryValueTransformer.m in Sources */,
				F1C92DD71A74F11100CDD48E /* MPABTestDesignerClearResponseMessage.m in Sources */,
				F1C92DE61A74F11100CDD48E /* MPCGRectToNSDictionaryValueTransformer.m in Sources */,
				F1C92DD91A74F11100CDD48E /* MPABTestDesignerDeviceInfoRequestMessage.m in Sources */,
				F1C92E011A74F11100CDD48E /* MPTweakStore.m in Sources */,
				F1C92DE01A74F11100CDD48E /* MPApplicationStateSerializer.m in Sources */,
				F1C92DD21A74F11100CDD48E /* Mixpanel.m in Sources */,
				F1C92E0E1A74F11100CDD48E /* UIImage+MPAverageColor.m in Sources */,
				F1C92DDF1A74F11100CDD48E /* MPABTestDesignerTweakResponseMessage.m in Sources */,
				F1C92DDD1A74F11100CDD48E /* MPABTestDesignerSnapshotResponseMessage.m in Sources */,
				F1C92DEC1A74F11100CDD48E /* MPEnumDescription.m in Sources */,
				F1C92DF21A74F11100CDD48E /* MPObjectIdentityProvider.m in Sources */,
				F1C92DDE1A74F11100CDD48E /* MPABTestDesignerTweakRequestMessage.m in Sources */,
				F1C92DFE1A74F11100CDD48E /* MPSwizzler.m in Sources */,
				F1C92DE21A74F11100CDD48E /* MPCATransform3DToNSDictionaryValueTransformer.m in Sources */,
				F1C92DDC1A74F11100CDD48E /* MPABTestDesignerSnapshotRequestMessage.m in Sources */,
				F1C92DE71A74F11100CDD48E /* MPCGSizeToNSDictionaryValueTransformer.m in Sources */,
				F1C92E091A74F11100CDD48E /* MPVariant.m in Sources */,
				F1C92E031A74F11100CDD48E /* MPUIColorToNSStringValueTransformer.m in Sources */,
				F1C92DF41A74F11100CDD48E /* MPObjectSerializer.m in Sources */,
				F1C92DE81A74F11100CDD48E /* MPClassDescription.m in Sources */,
				F1C92E081A74F11100CDD48E /* MPUITableViewBinding.m in Sources */,
				F1C92DD51A74F11100CDD48E /* MPABTestDesignerChangeResponseMessage.m in Sources */,
				F1C92DEE1A74F11100CDD48E /* MPNotification.m in Sources */,
				F1C92DED1A74F11100CDD48E /* MPEventBinding.m in Sources */,
				F1C92DE11A74F11100CDD48E /* MPBOOLToNSNumberValueTransformer.m in Sources */,
				F1C92DDA1A74F11100CDD48E /* MPABTestDesignerDeviceInfoResponseMessage.m in Sources */,
				F1C92DF91A74F11100CDD48E /* MPSequenceGenerator.m in Sources */,
				F1C92E061A74F11100CDD48E /* MPUIFontToNSDictionaryValueTransformer.m in Sources */,
				F1C92DFB1A74F11100CDD48E /* MPSurveyNavigationController.m in Sources */,
				F1C92DD41A74F11100CDD48E /* MPABTestDesignerChangeRequestMessage.m in Sources */,
				F1C92DD31A74F11100CDD48E /* MPAbstractABTestDesignerMessage.m in Sources */,
				F1C92DF31A74F11100CDD48E /* MPObjectSelector.m in Sources */,
				F1C92DE91A74F11100CDD48E /* MPDesignerEventBindingRequestMesssage.m in Sources */,
				F1C92E021A74F11100CDD48E /* MPTypeDescription.m in Sources */,
				F1C92DE41A74F11100CDD48E /* MPCGColorRefToNSStringValueTransformer.m in Sources */,
				F1C92E051A74F11100CDD48E /* MPUIEdgeInsetsToNSDictionaryValueTransformer.m in Sources */,
				F1C92E041A74F11100CDD48E /* MPUIControlBinding.m in Sources */,
				F1C92E0F1A74F11100CDD48E /* UIImage+MPImageEffects.m in Sources */,
				F1C92E0A1A74F11100CDD48E /* MPWebSocket.m in Sources */,
				F1C92E0B1A74F11100CDD48E /* NSData+MPBase64.m in Sources */,
				F1C92DFF1A74F11100CDD48E /* MPTweak.m in Sources */,
				F1C92DE31A74F11100CDD48E /* MPCGAffineTransformToNSDictionaryValueTransformer.m in Sources */,
				F1C92DF61A74F11100CDD48E /* MPObjectSerializerContext.m in Sources */,
				F1C92DDB1A74F11100CDD48E /* MPABTestDesignerDisconnectMessage.m in Sources */,
				F1C92DE51A74F11100CDD48E /* MPCGPointToNSDictionaryValueTransformer.m in Sources */,
			);
			runOnlyForDeploymentPostprocessing = 0;
		};
		F1C92C731A74E60700CDD48E /* Sources */ = {
			isa = PBXSourcesBuildPhase;
			buildActionMask = 2147483647;
			files = (
			);
			runOnlyForDeploymentPostprocessing = 0;
		};
/* End PBXSourcesBuildPhase section */

/* Begin PBXTargetDependency section */
		F1C92C7A1A74E60700CDD48E /* PBXTargetDependency */ = {
			isa = PBXTargetDependency;
			target = F1C92C6B1A74E60700CDD48E /* mixpanel */;
			targetProxy = F1C92C791A74E60700CDD48E /* PBXContainerItemProxy */;
		};
/* End PBXTargetDependency section */

/* Begin XCBuildConfiguration section */
		F1C92C7E1A74E60700CDD48E /* Debug */ = {
			isa = XCBuildConfiguration;
			buildSettings = {
				ALWAYS_SEARCH_USER_PATHS = NO;
				CLANG_CXX_LANGUAGE_STANDARD = "gnu++0x";
				CLANG_CXX_LIBRARY = "libc++";
				CLANG_ENABLE_MODULES = YES;
				CLANG_ENABLE_OBJC_ARC = YES;
				CLANG_WARN_BOOL_CONVERSION = YES;
				CLANG_WARN_CONSTANT_CONVERSION = YES;
				CLANG_WARN_DIRECT_OBJC_ISA_USAGE = YES_ERROR;
				CLANG_WARN_EMPTY_BODY = YES;
				CLANG_WARN_ENUM_CONVERSION = YES;
				CLANG_WARN_INT_CONVERSION = YES;
				CLANG_WARN_OBJC_ROOT_CLASS = YES_ERROR;
				CLANG_WARN_UNREACHABLE_CODE = YES;
				CLANG_WARN__DUPLICATE_METHOD_MATCH = YES;
				COPY_PHASE_STRIP = NO;
				ENABLE_STRICT_OBJC_MSGSEND = YES;
				GCC_C_LANGUAGE_STANDARD = gnu99;
				GCC_DYNAMIC_NO_PIC = NO;
				GCC_OPTIMIZATION_LEVEL = 0;
				GCC_PREPROCESSOR_DEFINITIONS = (
					"DEBUG=1",
					"$(inherited)",
				);
				GCC_SYMBOLS_PRIVATE_EXTERN = NO;
				GCC_WARN_64_TO_32_BIT_CONVERSION = YES;
				GCC_WARN_ABOUT_RETURN_TYPE = YES_ERROR;
				GCC_WARN_UNDECLARED_SELECTOR = YES;
				GCC_WARN_UNINITIALIZED_AUTOS = YES_AGGRESSIVE;
				GCC_WARN_UNUSED_FUNCTION = YES;
				GCC_WARN_UNUSED_VARIABLE = YES;
				IPHONEOS_DEPLOYMENT_TARGET = 8.1;
				MTL_ENABLE_DEBUG_INFO = YES;
				ONLY_ACTIVE_ARCH = YES;
				SDKROOT = iphoneos;
			};
			name = Debug;
		};
		F1C92C7F1A74E60700CDD48E /* Release */ = {
			isa = XCBuildConfiguration;
			buildSettings = {
				ALWAYS_SEARCH_USER_PATHS = NO;
				CLANG_CXX_LANGUAGE_STANDARD = "gnu++0x";
				CLANG_CXX_LIBRARY = "libc++";
				CLANG_ENABLE_MODULES = YES;
				CLANG_ENABLE_OBJC_ARC = YES;
				CLANG_WARN_BOOL_CONVERSION = YES;
				CLANG_WARN_CONSTANT_CONVERSION = YES;
				CLANG_WARN_DIRECT_OBJC_ISA_USAGE = YES_ERROR;
				CLANG_WARN_EMPTY_BODY = YES;
				CLANG_WARN_ENUM_CONVERSION = YES;
				CLANG_WARN_INT_CONVERSION = YES;
				CLANG_WARN_OBJC_ROOT_CLASS = YES_ERROR;
				CLANG_WARN_UNREACHABLE_CODE = YES;
				CLANG_WARN__DUPLICATE_METHOD_MATCH = YES;
				COPY_PHASE_STRIP = YES;
				ENABLE_NS_ASSERTIONS = NO;
				ENABLE_STRICT_OBJC_MSGSEND = YES;
				GCC_C_LANGUAGE_STANDARD = gnu99;
				GCC_WARN_64_TO_32_BIT_CONVERSION = YES;
				GCC_WARN_ABOUT_RETURN_TYPE = YES_ERROR;
				GCC_WARN_UNDECLARED_SELECTOR = YES;
				GCC_WARN_UNINITIALIZED_AUTOS = YES_AGGRESSIVE;
				GCC_WARN_UNUSED_FUNCTION = YES;
				GCC_WARN_UNUSED_VARIABLE = YES;
				IPHONEOS_DEPLOYMENT_TARGET = 8.1;
				MTL_ENABLE_DEBUG_INFO = NO;
				SDKROOT = iphoneos;
				VALIDATE_PRODUCT = YES;
			};
			name = Release;
		};
		F1C92C811A74E60700CDD48E /* Debug */ = {
			isa = XCBuildConfiguration;
			buildSettings = {
				ARCHS = (
					"$(ARCHS_STANDARD)",
					i386,
				);
				GCC_PRECOMPILE_PREFIX_HEADER = NO;
				LIBRARY_SEARCH_PATHS = (
					"$(inherited)",
					"$(PROJECT_DIR)/mixpanel/mixpanel-iphone-2.6.2",
					"$(PROJECT_DIR)/mixpanel",
				);
				ONLY_ACTIVE_ARCH = NO;
				OTHER_LDFLAGS = "-ObjC";
				PRECOMPS_INCLUDE_HEADERS_FROM_BUILT_PRODUCTS_DIR = YES;
				PRODUCT_NAME = "$(TARGET_NAME)";
				SKIP_INSTALL = YES;
				VALID_ARCHS = "arm64 armv7 armv7s i386";
			};
			name = Debug;
		};
		F1C92C821A74E60700CDD48E /* Release */ = {
			isa = XCBuildConfiguration;
			buildSettings = {
				ARCHS = (
					"$(ARCHS_STANDARD)",
					i386,
				);
				GCC_PRECOMPILE_PREFIX_HEADER = NO;
				LIBRARY_SEARCH_PATHS = (
					"$(inherited)",
					"$(PROJECT_DIR)/mixpanel/mixpanel-iphone-2.6.2",
					"$(PROJECT_DIR)/mixpanel",
				);
				ONLY_ACTIVE_ARCH = NO;
				OTHER_LDFLAGS = "-ObjC";
				PRECOMPS_INCLUDE_HEADERS_FROM_BUILT_PRODUCTS_DIR = YES;
				PRODUCT_NAME = "$(TARGET_NAME)";
				SKIP_INSTALL = YES;
				VALID_ARCHS = "arm64 armv7 armv7s i386";
			};
			name = Release;
		};
		F1C92C841A74E60700CDD48E /* Debug */ = {
			isa = XCBuildConfiguration;
			buildSettings = {
				FRAMEWORK_SEARCH_PATHS = (
					"$(SDKROOT)/Developer/Library/Frameworks",
					"$(inherited)",
				);
				GCC_PREPROCESSOR_DEFINITIONS = (
					"DEBUG=1",
					"$(inherited)",
				);
				INFOPLIST_FILE = mixpanelTests/Info.plist;
				LD_RUNPATH_SEARCH_PATHS = "$(inherited) @executable_path/Frameworks @loader_path/Frameworks";
				PRODUCT_NAME = "$(TARGET_NAME)";
			};
			name = Debug;
		};
		F1C92C851A74E60700CDD48E /* Release */ = {
			isa = XCBuildConfiguration;
			buildSettings = {
				FRAMEWORK_SEARCH_PATHS = (
					"$(SDKROOT)/Developer/Library/Frameworks",
					"$(inherited)",
				);
				INFOPLIST_FILE = mixpanelTests/Info.plist;
				LD_RUNPATH_SEARCH_PATHS = "$(inherited) @executable_path/Frameworks @loader_path/Frameworks";
				PRODUCT_NAME = "$(TARGET_NAME)";
			};
			name = Release;
		};
/* End XCBuildConfiguration section */

/* Begin XCConfigurationList section */
		F1C92C671A74E60700CDD48E /* Build configuration list for PBXProject "mixpanel" */ = {
			isa = XCConfigurationList;
			buildConfigurations = (
				F1C92C7E1A74E60700CDD48E /* Debug */,
				F1C92C7F1A74E60700CDD48E /* Release */,
			);
			defaultConfigurationIsVisible = 0;
			defaultConfigurationName = Release;
		};
		F1C92C801A74E60700CDD48E /* Build configuration list for PBXNativeTarget "mixpanel" */ = {
			isa = XCConfigurationList;
			buildConfigurations = (
				F1C92C811A74E60700CDD48E /* Debug */,
				F1C92C821A74E60700CDD48E /* Release */,
			);
			defaultConfigurationIsVisible = 0;
			defaultConfigurationName = Release;
		};
		F1C92C831A74E60700CDD48E /* Build configuration list for PBXNativeTarget "mixpanelTests" */ = {
			isa = XCConfigurationList;
			buildConfigurations = (
				F1C92C841A74E60700CDD48E /* Debug */,
				F1C92C851A74E60700CDD48E /* Release */,
			);
			defaultConfigurationIsVisible = 0;
			defaultConfigurationName = Release;
		};
/* End XCConfigurationList section */
	};
	rootObject = F1C92C641A74E60700CDD48E /* Project object */;
}
