// !$*UTF8*$!
{
	archiveVersion = 1;
	classes = {
	};
	objectVersion = 46;
	objects = {

/* Begin PBXBuildFile section */
		E007385A1A37B8AC005A2458 /* GADAdSizeWrapped.m in Sources */ = {isa = PBXBuildFile; fileRef = E007384E1A37B8AC005A2458 /* GADAdSizeWrapped.m */; };
		E007385B1A37B8AC005A2458 /* GADRequestErrorWrapped.m in Sources */ = {isa = PBXBuildFile; fileRef = E00738591A37B8AC005A2458 /* GADRequestErrorWrapped.m */; };
		E007385D1A37B947005A2458 /* libGoogleAdMobAds.a in Frameworks */ = {isa = PBXBuildFile; fileRef = E007385C1A37B947005A2458 /* libGoogleAdMobAds.a */; };
		E00738651A37B96D005A2458 /* AdSupport.framework in Frameworks */ = {isa = PBXBuildFile; fileRef = E007385E1A37B96D005A2458 /* AdSupport.framework */; };
		E00738661A37B96D005A2458 /* AudioToolbox.framework in Frameworks */ = {isa = PBXBuildFile; fileRef = E007385F1A37B96D005A2458 /* AudioToolbox.framework */; };
		E00738671A37B96D005A2458 /* AVFoundation.framework in Frameworks */ = {isa = PBXBuildFile; fileRef = E00738601A37B96D005A2458 /* AVFoundation.framework */; };
		E00738681A37B96D005A2458 /* CoreGraphics.framework in Frameworks */ = {isa = PBXBuildFile; fileRef = E00738611A37B96D005A2458 /* CoreGraphics.framework */; };
		E00738691A37B96D005A2458 /* MessageUI.framework in Frameworks */ = {isa = PBXBuildFile; fileRef = E00738621A37B96D005A2458 /* MessageUI.framework */; };
		E007386A1A37B96D005A2458 /* StoreKit.framework in Frameworks */ = {isa = PBXBuildFile; fileRef = E00738631A37B96D005A2458 /* StoreKit.framework */; };
		E007386B1A37B96D005A2458 /* SystemConfiguration.framework in Frameworks */ = {isa = PBXBuildFile; fileRef = E00738641A37B96D005A2458 /* SystemConfiguration.framework */; };
/* End PBXBuildFile section */

/* Begin PBXCopyFilesBuildPhase section */
		E007382E1A37B87A005A2458 /* CopyFiles */ = {
			isa = PBXCopyFilesBuildPhase;
			buildActionMask = 2147483647;
			dstPath = "include/$(PRODUCT_NAME)";
			dstSubfolderSpec = 16;
			files = (
			);
			runOnlyForDeploymentPostprocessing = 0;
		};
/* End PBXCopyFilesBuildPhase section */

/* Begin PBXFileReference section */
		E00738301A37B87A005A2458 /* libadmob.a */ = {isa = PBXFileReference; explicitFileType = archive.ar; includeInIndex = 0; path = libadmob.a; sourceTree = BUILT_PRODUCTS_DIR; };
		E00738411A37B87A005A2458 /* Info.plist */ = {isa = PBXFileReference; lastKnownFileType = text.plist.xml; path = Info.plist; sourceTree = "<group>"; };
		E007384A1A37B8AC005A2458 /* GADAdMobExtras.h */ = {isa = PBXFileReference; fileEncoding = 4; lastKnownFileType = sourcecode.c.h; path = GADAdMobExtras.h; sourceTree = "<group>"; };
		E007384B1A37B8AC005A2458 /* GADAdNetworkExtras.h */ = {isa = PBXFileReference; fileEncoding = 4; lastKnownFileType = sourcecode.c.h; path = GADAdNetworkExtras.h; sourceTree = "<group>"; };
		E007384C1A37B8AC005A2458 /* GADAdSize.h */ = {isa = PBXFileReference; fileEncoding = 4; lastKnownFileType = sourcecode.c.h; path = GADAdSize.h; sourceTree = "<group>"; };
		E007384D1A37B8AC005A2458 /* GADAdSizeWrapped.h */ = {isa = PBXFileReference; fileEncoding = 4; lastKnownFileType = sourcecode.c.h; path = GADAdSizeWrapped.h; sourceTree = "<group>"; };
		E007384E1A37B8AC005A2458 /* GADAdSizeWrapped.m */ = {isa = PBXFileReference; fileEncoding = 4; lastKnownFileType = sourcecode.c.objc; path = GADAdSizeWrapped.m; sourceTree = "<group>"; };
		E007384F1A37B8AC005A2458 /* GADBannerView.h */ = {isa = PBXFileReference; fileEncoding = 4; lastKnownFileType = sourcecode.c.h; path = GADBannerView.h; sourceTree = "<group>"; };
		E00738501A37B8AC005A2458 /* GADBannerViewDelegate.h */ = {isa = PBXFileReference; fileEncoding = 4; lastKnownFileType = sourcecode.c.h; path = GADBannerViewDelegate.h; sourceTree = "<group>"; };
		E00738511A37B8AC005A2458 /* GADInAppPurchase.h */ = {isa = PBXFileReference; fileEncoding = 4; lastKnownFileType = sourcecode.c.h; path = GADInAppPurchase.h; sourceTree = "<group>"; };
		E00738521A37B8AC005A2458 /* GADInAppPurchaseDelegate.h */ = {isa = PBXFileReference; fileEncoding = 4; lastKnownFileType = sourcecode.c.h; path = GADInAppPurchaseDelegate.h; sourceTree = "<group>"; };
		E00738531A37B8AC005A2458 /* GADInterstitial.h */ = {isa = PBXFileReference; fileEncoding = 4; lastKnownFileType = sourcecode.c.h; path = GADInterstitial.h; sourceTree = "<group>"; };
		E00738541A37B8AC005A2458 /* GADInterstitialDelegate.h */ = {isa = PBXFileReference; fileEncoding = 4; lastKnownFileType = sourcecode.c.h; path = GADInterstitialDelegate.h; sourceTree = "<group>"; };
		E00738551A37B8AC005A2458 /* GADModules.h */ = {isa = PBXFileReference; fileEncoding = 4; lastKnownFileType = sourcecode.c.h; path = GADModules.h; sourceTree = "<group>"; };
		E00738561A37B8AC005A2458 /* GADRequest.h */ = {isa = PBXFileReference; fileEncoding = 4; lastKnownFileType = sourcecode.c.h; path = GADRequest.h; sourceTree = "<group>"; };
		E00738571A37B8AC005A2458 /* GADRequestError.h */ = {isa = PBXFileReference; fileEncoding = 4; lastKnownFileType = sourcecode.c.h; path = GADRequestError.h; sourceTree = "<group>"; };
		E00738581A37B8AC005A2458 /* GADRequestErrorWrapped.h */ = {isa = PBXFileReference; fileEncoding = 4; lastKnownFileType = sourcecode.c.h; path = GADRequestErrorWrapped.h; sourceTree = "<group>"; };
		E00738591A37B8AC005A2458 /* GADRequestErrorWrapped.m */ = {isa = PBXFileReference; fileEncoding = 4; lastKnownFileType = sourcecode.c.objc; path = GADRequestErrorWrapped.m; sourceTree = "<group>"; };
		E007385C1A37B947005A2458 /* libGoogleAdMobAds.a */ = {isa = PBXFileReference; lastKnownFileType = archive.ar; name = libGoogleAdMobAds.a; path = admob/libGoogleAdMobAds.a; sourceTree = "<group>"; };
		E007385E1A37B96D005A2458 /* AdSupport.framework */ = {isa = PBXFileReference; lastKnownFileType = wrapper.framework; name = AdSupport.framework; path = System/Library/Frameworks/AdSupport.framework; sourceTree = SDKROOT; };
		E007385F1A37B96D005A2458 /* AudioToolbox.framework */ = {isa = PBXFileReference; lastKnownFileType = wrapper.framework; name = AudioToolbox.framework; path = System/Library/Frameworks/AudioToolbox.framework; sourceTree = SDKROOT; };
		E00738601A37B96D005A2458 /* AVFoundation.framework */ = {isa = PBXFileReference; lastKnownFileType = wrapper.framework; name = AVFoundation.framework; path = System/Library/Frameworks/AVFoundation.framework; sourceTree = SDKROOT; };
		E00738611A37B96D005A2458 /* CoreGraphics.framework */ = {isa = PBXFileReference; lastKnownFileType = wrapper.framework; name = CoreGraphics.framework; path = System/Library/Frameworks/CoreGraphics.framework; sourceTree = SDKROOT; };
		E00738621A37B96D005A2458 /* MessageUI.framework */ = {isa = PBXFileReference; lastKnownFileType = wrapper.framework; name = MessageUI.framework; path = System/Library/Frameworks/MessageUI.framework; sourceTree = SDKROOT; };
		E00738631A37B96D005A2458 /* StoreKit.framework */ = {isa = PBXFileReference; lastKnownFileType = wrapper.framework; name = StoreKit.framework; path = System/Library/Frameworks/StoreKit.framework; sourceTree = SDKROOT; };
		E00738641A37B96D005A2458 /* SystemConfiguration.framework */ = {isa = PBXFileReference; lastKnownFileType = wrapper.framework; name = SystemConfiguration.framework; path = System/Library/Frameworks/SystemConfiguration.framework; sourceTree = SDKROOT; };
/* End PBXFileReference section */

/* Begin PBXFrameworksBuildPhase section */
		E007382D1A37B87A005A2458 /* Frameworks */ = {
			isa = PBXFrameworksBuildPhase;
			buildActionMask = 2147483647;
			files = (
				E00738651A37B96D005A2458 /* AdSupport.framework in Frameworks */,
				E00738661A37B96D005A2458 /* AudioToolbox.framework in Frameworks */,
				E00738671A37B96D005A2458 /* AVFoundation.framework in Frameworks */,
				E00738681A37B96D005A2458 /* CoreGraphics.framework in Frameworks */,
				E00738691A37B96D005A2458 /* MessageUI.framework in Frameworks */,
				E007386A1A37B96D005A2458 /* StoreKit.framework in Frameworks */,
				E007386B1A37B96D005A2458 /* SystemConfiguration.framework in Frameworks */,
				E007385D1A37B947005A2458 /* libGoogleAdMobAds.a in Frameworks */,
			);
			runOnlyForDeploymentPostprocessing = 0;
		};
/* End PBXFrameworksBuildPhase section */

/* Begin PBXGroup section */
		E00738271A37B879005A2458 = {
			isa = PBXGroup;
			children = (
				E007385C1A37B947005A2458 /* libGoogleAdMobAds.a */,
				E00738321A37B87A005A2458 /* admob */,
				E007383F1A37B87A005A2458 /* admobTests */,
				E007386C1A37BA19005A2458 /* Frameworks */,
				E00738311A37B87A005A2458 /* Products */,
			);
			sourceTree = "<group>";
		};
		E00738311A37B87A005A2458 /* Products */ = {
			isa = PBXGroup;
			children = (
				E00738301A37B87A005A2458 /* libadmob.a */,
			);
			name = Products;
			sourceTree = "<group>";
		};
		E00738321A37B87A005A2458 /* admob */ = {
			isa = PBXGroup;
			children = (
				E007384A1A37B8AC005A2458 /* GADAdMobExtras.h */,
				E007384B1A37B8AC005A2458 /* GADAdNetworkExtras.h */,
				E007384C1A37B8AC005A2458 /* GADAdSize.h */,
				E007384D1A37B8AC005A2458 /* GADAdSizeWrapped.h */,
				E007384E1A37B8AC005A2458 /* GADAdSizeWrapped.m */,
				E007384F1A37B8AC005A2458 /* GADBannerView.h */,
				E00738501A37B8AC005A2458 /* GADBannerViewDelegate.h */,
				E00738511A37B8AC005A2458 /* GADInAppPurchase.h */,
				E00738521A37B8AC005A2458 /* GADInAppPurchaseDelegate.h */,
				E00738531A37B8AC005A2458 /* GADInterstitial.h */,
				E00738541A37B8AC005A2458 /* GADInterstitialDelegate.h */,
				E00738551A37B8AC005A2458 /* GADModules.h */,
				E00738561A37B8AC005A2458 /* GADRequest.h */,
				E00738571A37B8AC005A2458 /* GADRequestError.h */,
				E00738581A37B8AC005A2458 /* GADRequestErrorWrapped.h */,
				E00738591A37B8AC005A2458 /* GADRequestErrorWrapped.m */,
			);
			path = admob;
			sourceTree = "<group>";
		};
		E007383F1A37B87A005A2458 /* admobTests */ = {
			isa = PBXGroup;
			children = (
				E00738401A37B87A005A2458 /* Supporting Files */,
			);
			path = admobTests;
			sourceTree = "<group>";
		};
		E00738401A37B87A005A2458 /* Supporting Files */ = {
			isa = PBXGroup;
			children = (
				E00738411A37B87A005A2458 /* Info.plist */,
			);
			name = "Supporting Files";
			sourceTree = "<group>";
		};
		E007386C1A37BA19005A2458 /* Frameworks */ = {
			isa = PBXGroup;
			children = (
				E007385E1A37B96D005A2458 /* AdSupport.framework */,
				E007385F1A37B96D005A2458 /* AudioToolbox.framework */,
				E00738601A37B96D005A2458 /* AVFoundation.framework */,
				E00738611A37B96D005A2458 /* CoreGraphics.framework */,
				E00738621A37B96D005A2458 /* MessageUI.framework */,
				E00738631A37B96D005A2458 /* StoreKit.framework */,
				E00738641A37B96D005A2458 /* SystemConfiguration.framework */,
			);
			name = Frameworks;
			sourceTree = "<group>";
		};
/* End PBXGroup section */

/* Begin PBXNativeTarget section */
		E007382F1A37B87A005A2458 /* admob */ = {
			isa = PBXNativeTarget;
			buildConfigurationList = E00738441A37B87A005A2458 /* Build configuration list for PBXNativeTarget "admob" */;
			buildPhases = (
				E007382C1A37B87A005A2458 /* Sources */,
				E007382D1A37B87A005A2458 /* Frameworks */,
				E007382E1A37B87A005A2458 /* CopyFiles */,
				E007386D1A37BA4C005A2458 /* ShellScript */,
			);
			buildRules = (
			);
			dependencies = (
			);
			name = admob;
			productName = admob;
			productReference = E00738301A37B87A005A2458 /* libadmob.a */;
			productType = "com.apple.product-type.library.static";
		};
/* End PBXNativeTarget section */

/* Begin PBXProject section */
		E00738281A37B87A005A2458 /* Project object */ = {
			isa = PBXProject;
			attributes = {
				LastUpgradeCheck = 0610;
				ORGANIZATIONNAME = "BlueRiver Interactive";
				TargetAttributes = {
					E007382F1A37B87A005A2458 = {
						CreatedOnToolsVersion = 6.1;
					};
				};
			};
			buildConfigurationList = E007382B1A37B87A005A2458 /* Build configuration list for PBXProject "admob" */;
			compatibilityVersion = "Xcode 3.2";
			developmentRegion = English;
			hasScannedForEncodings = 0;
			knownRegions = (
				en,
			);
			mainGroup = E00738271A37B879005A2458;
			productRefGroup = E00738311A37B87A005A2458 /* Products */;
			projectDirPath = "";
			projectRoot = "";
			targets = (
				E007382F1A37B87A005A2458 /* admob */,
			);
		};
/* End PBXProject section */

/* Begin PBXShellScriptBuildPhase section */
		E007386D1A37BA4C005A2458 /* ShellScript */ = {
			isa = PBXShellScriptBuildPhase;
			buildActionMask = 2147483647;
			files = (
			);
			inputPaths = (
			);
			outputPaths = (
			);
			runOnlyForDeploymentPostprocessing = 0;
			shellPath = /bin/sh;
			shellScript = "# Version 2.0 (updated for Xcode 4, with some fixes)\n# Changes:\n#    - Works with xcode 4, even when running xcode 3 projects (Workarounds for apple bugs)\n#    - Faster / better: only runs lipo once, instead of once per recursion\n#    - Added some debugging statemetns that can be switched on/off by changing the DEBUG_THIS_SCRIPT variable to \"true\"\n#    - Fixed some typos\n#\n# Purpose:\n#   Create a static library for iPhone from within XCode\n#   Because Apple staff DELIBERATELY broke Xcode to make this impossible from the GUI (Xcode 3.2.3 specifically states this in the Release notes!)\n#   ...no, I don't understand why they did this!\n#\n# Author: Adam Martin - http://twitter.com/redglassesapps\n# Based on: original script from Eonil (main changes: Eonil's script WILL NOT WORK in Xcode GUI - it WILL CRASH YOUR COMPUTER)\n#\n# More info: see this Stack Overflow question: http://stackoverflow.com/questions/3520977/build-fat-static-library-device-simulator-using-xcode-and-sdk-4\n\n#################[ Tests: helps workaround any future bugs in Xcode ]########\n#\nDEBUG_THIS_SCRIPT=\"false\"\n\nif [ $DEBUG_THIS_SCRIPT = \"true\" ]\nthen\necho \"########### TESTS #############\"\necho \"Use the following variables when debugging this script; note that they may change on recursions\"\necho \"BUILD_DIR = $BUILD_DIR\"\necho \"BUILD_ROOT = $BUILD_ROOT\"\necho \"CONFIGURATION_BUILD_DIR = $CONFIGURATION_BUILD_DIR\"\necho \"BUILT_PRODUCTS_DIR = $BUILT_PRODUCTS_DIR\"\necho \"CONFIGURATION_TEMP_DIR = $CONFIGURATION_TEMP_DIR\"\necho \"TARGET_BUILD_DIR = $TARGET_BUILD_DIR\"\nfi\n\n#####################[ part 1 ]##################\n# First, work out the BASESDK version number (NB: Apple ought to report this, but they hide it)\n#    (incidental: searching for substrings in sh is a nightmare! Sob)\n\nSDK_VERSION=$(echo ${SDK_NAME} | grep -o '.\\{3\\}$')\n\n# Next, work out if we're in SIM or DEVICE\n\nif [ ${PLATFORM_NAME} = \"iphonesimulator\" ]\nthen\nOTHER_SDK_TO_BUILD=iphoneos${SDK_VERSION}\nelse\nOTHER_SDK_TO_BUILD=iphonesimulator${SDK_VERSION}\nfi\n\necho \"XCode has selected SDK: ${PLATFORM_NAME} with version: ${SDK_VERSION} (although back-targetting: ${IPHONEOS_DEPLOYMENT_TARGET})\"\necho \"...therefore, OTHER_SDK_TO_BUILD = ${OTHER_SDK_TO_BUILD}\"\n#\n#####################[ end of part 1 ]##################\n\n#####################[ part 2 ]##################\n#\n# IF this is the original invocation, invoke WHATEVER other builds are required\n#\n# Xcode is already building ONE target...\n#\n# ...but this is a LIBRARY, so Apple is wrong to set it to build just one.\n# ...we need to build ALL targets\n# ...we MUST NOT re-build the target that is ALREADY being built: Xcode WILL CRASH YOUR COMPUTER if you try this (infinite recursion!)\n#\n#\n# So: build ONLY the missing platforms/configurations.\n\nif [ \"true\" == ${ALREADYINVOKED:-false} ]\nthen\necho \"RECURSION: I am NOT the root invocation, so I'm NOT going to recurse\"\nelse\n# CRITICAL:\n# Prevent infinite recursion (Xcode sucks)\nexport ALREADYINVOKED=\"true\"\n\necho \"RECURSION: I am the root ... recursing all missing build targets NOW...\"\necho \"RECURSION: ...about to invoke: xcodebuild -configuration \\\"${CONFIGURATION}\\\" -target \\\"${TARGET_NAME}\\\" -sdk \\\"${OTHER_SDK_TO_BUILD}\\\" ${ACTION} RUN_CLANG_STATIC_ANALYZER=NO\"\nxcodebuild -configuration \"${CONFIGURATION}\" -target \"${TARGET_NAME}\" -sdk \"${OTHER_SDK_TO_BUILD}\" ${ACTION} RUN_CLANG_STATIC_ANALYZER=NO BUILD_DIR=\"${BUILD_DIR}\" BUILD_ROOT=\"${BUILD_ROOT}\"\n\nACTION=\"build\"\n\n#Merge all platform binaries as a fat binary for each configurations.\n\n# Calculate where the (multiple) built files are coming from:\nCURRENTCONFIG_DEVICE_DIR=${SYMROOT}/${CONFIGURATION}-iphoneos\nCURRENTCONFIG_SIMULATOR_DIR=${SYMROOT}/${CONFIGURATION}-iphonesimulator\n\necho \"Taking device build from: ${CURRENTCONFIG_DEVICE_DIR}\"\necho \"Taking simulator build from: ${CURRENTCONFIG_SIMULATOR_DIR}\"\n\nCREATING_UNIVERSAL_DIR=${SYMROOT}/${CONFIGURATION}-universal\necho \"...I will output a universal build to: ${CREATING_UNIVERSAL_DIR}\"\n\n# ... remove the products of previous runs of this script\n#      NB: this directory is ONLY created by this script - it should be safe to delete!\n\nrm -rf \"${CREATING_UNIVERSAL_DIR}\"\nmkdir \"${CREATING_UNIVERSAL_DIR}\"\n\n#\necho \"lipo: for current configuration (${CONFIGURATION}) creating output file: ${CREATING_UNIVERSAL_DIR}/${EXECUTABLE_NAME}\"\nlipo -create -output \"${CREATING_UNIVERSAL_DIR}/${EXECUTABLE_NAME}\" \"${CURRENTCONFIG_DEVICE_DIR}/${EXECUTABLE_NAME}\" \"${CURRENTCONFIG_SIMULATOR_DIR}/${EXECUTABLE_NAME}\"\n\n#########\n#\n# Added: StackOverflow suggestion to also copy \"include\" files\n#    (untested, but should work OK)\n#\nif [ -d \"${CURRENTCONFIG_DEVICE_DIR}/usr/local/include\" ]\nthen\nmkdir -p \"${CREATING_UNIVERSAL_DIR}/usr/local/include\"\n# * needs to be outside the double quotes?\ncp \"${CURRENTCONFIG_DEVICE_DIR}/usr/local/include/\"* \"${CREATING_UNIVERSAL_DIR}/usr/local/include\"\nfi\nfi";
		};
/* End PBXShellScriptBuildPhase section */

/* Begin PBXSourcesBuildPhase section */
		E007382C1A37B87A005A2458 /* Sources */ = {
			isa = PBXSourcesBuildPhase;
			buildActionMask = 2147483647;
			files = (
				E007385A1A37B8AC005A2458 /* GADAdSizeWrapped.m in Sources */,
				E007385B1A37B8AC005A2458 /* GADRequestErrorWrapped.m in Sources */,
			);
			runOnlyForDeploymentPostprocessing = 0;
		};
/* End PBXSourcesBuildPhase section */

/* Begin XCBuildConfiguration section */
		E00738421A37B87A005A2458 /* Debug */ = {
			isa = XCBuildConfiguration;
			buildSettings = {
				ALWAYS_SEARCH_USER_PATHS = NO;
				CLANG_CXX_LANGUAGE_STANDARD = "gnu++0x";
				CLANG_CXX_LIBRARY = "libc++";
				CLANG_ENABLE_MODULES = YES;
				CLANG_ENABLE_OBJC_ARC = YES;
				CLANG_WARN_BOOL_CONVERSION = YES;
				CLANG_WARN_CONSTANT_CONVERSION = YES;
				CLANG_WARN_DIRECT_OBJC_ISA_USAGE = YES_ERROR;
				CLANG_WARN_EMPTY_BODY = YES;
				CLANG_WARN_ENUM_CONVERSION = YES;
				CLANG_WARN_INT_CONVERSION = YES;
				CLANG_WARN_OBJC_ROOT_CLASS = YES_ERROR;
				CLANG_WARN_UNREACHABLE_CODE = YES;
				CLANG_WARN__DUPLICATE_METHOD_MATCH = YES;
				COPY_PHASE_STRIP = NO;
				ENABLE_STRICT_OBJC_MSGSEND = YES;
				GCC_C_LANGUAGE_STANDARD = gnu99;
				GCC_DYNAMIC_NO_PIC = NO;
				GCC_OPTIMIZATION_LEVEL = 0;
				GCC_PREPROCESSOR_DEFINITIONS = (
					"DEBUG=1",
					"$(inherited)",
				);
				GCC_SYMBOLS_PRIVATE_EXTERN = NO;
				GCC_WARN_64_TO_32_BIT_CONVERSION = YES;
				GCC_WARN_ABOUT_RETURN_TYPE = YES_ERROR;
				GCC_WARN_UNDECLARED_SELECTOR = YES;
				GCC_WARN_UNINITIALIZED_AUTOS = YES_AGGRESSIVE;
				GCC_WARN_UNUSED_FUNCTION = YES;
				GCC_WARN_UNUSED_VARIABLE = YES;
				IPHONEOS_DEPLOYMENT_TARGET = 8.1;
				MTL_ENABLE_DEBUG_INFO = YES;
				ONLY_ACTIVE_ARCH = YES;
				SDKROOT = iphoneos;
			};
			name = Debug;
		};
		E00738431A37B87A005A2458 /* Release */ = {
			isa = XCBuildConfiguration;
			buildSettings = {
				ALWAYS_SEARCH_USER_PATHS = NO;
				CLANG_CXX_LANGUAGE_STANDARD = "gnu++0x";
				CLANG_CXX_LIBRARY = "libc++";
				CLANG_ENABLE_MODULES = YES;
				CLANG_ENABLE_OBJC_ARC = YES;
				CLANG_WARN_BOOL_CONVERSION = YES;
				CLANG_WARN_CONSTANT_CONVERSION = YES;
				CLANG_WARN_DIRECT_OBJC_ISA_USAGE = YES_ERROR;
				CLANG_WARN_EMPTY_BODY = YES;
				CLANG_WARN_ENUM_CONVERSION = YES;
				CLANG_WARN_INT_CONVERSION = YES;
				CLANG_WARN_OBJC_ROOT_CLASS = YES_ERROR;
				CLANG_WARN_UNREACHABLE_CODE = YES;
				CLANG_WARN__DUPLICATE_METHOD_MATCH = YES;
				COPY_PHASE_STRIP = YES;
				ENABLE_NS_ASSERTIONS = NO;
				ENABLE_STRICT_OBJC_MSGSEND = YES;
				GCC_C_LANGUAGE_STANDARD = gnu99;
				GCC_WARN_64_TO_32_BIT_CONVERSION = YES;
				GCC_WARN_ABOUT_RETURN_TYPE = YES_ERROR;
				GCC_WARN_UNDECLARED_SELECTOR = YES;
				GCC_WARN_UNINITIALIZED_AUTOS = YES_AGGRESSIVE;
				GCC_WARN_UNUSED_FUNCTION = YES;
				GCC_WARN_UNUSED_VARIABLE = YES;
				IPHONEOS_DEPLOYMENT_TARGET = 8.1;
				MTL_ENABLE_DEBUG_INFO = NO;
				SDKROOT = iphoneos;
				VALIDATE_PRODUCT = YES;
			};
			name = Release;
		};
		E00738451A37B87A005A2458 /* Debug */ = {
			isa = XCBuildConfiguration;
			buildSettings = {
				ARCHS = (
					"$(ARCHS_STANDARD)",
					i386,
				);
				LIBRARY_SEARCH_PATHS = (
					"$(inherited)",
					"$(PROJECT_DIR)/admob",
				);
				ONLY_ACTIVE_ARCH = NO;
				OTHER_LDFLAGS = "-ObjC";
				PRODUCT_NAME = "$(TARGET_NAME)";
				SKIP_INSTALL = YES;
				VALID_ARCHS = "arm64 armv7 armv7s i386 x86_64";
			};
			name = Debug;
		};
		E00738461A37B87A005A2458 /* Release */ = {
			isa = XCBuildConfiguration;
			buildSettings = {
				ARCHS = (
					"$(ARCHS_STANDARD)",
					i386,
				);
				LIBRARY_SEARCH_PATHS = (
					"$(inherited)",
					"$(PROJECT_DIR)/admob",
				);
				OTHER_LDFLAGS = "-ObjC";
				PRODUCT_NAME = "$(TARGET_NAME)";
				SKIP_INSTALL = YES;
				VALID_ARCHS = "arm64 armv7 armv7s i386 x86_64";
			};
			name = Release;
		};
/* End XCBuildConfiguration section */

/* Begin XCConfigurationList section */
		E007382B1A37B87A005A2458 /* Build configuration list for PBXProject "admob" */ = {
			isa = XCConfigurationList;
			buildConfigurations = (
				E00738421A37B87A005A2458 /* Debug */,
				E00738431A37B87A005A2458 /* Release */,
			);
			defaultConfigurationIsVisible = 0;
			defaultConfigurationName = Release;
		};
		E00738441A37B87A005A2458 /* Build configuration list for PBXNativeTarget "admob" */ = {
			isa = XCConfigurationList;
			buildConfigurations = (
				E00738451A37B87A005A2458 /* Debug */,
				E00738461A37B87A005A2458 /* Release */,
			);
			defaultConfigurationIsVisible = 0;
			defaultConfigurationName = Release;
		};
/* End XCConfigurationList section */
	};
	rootObject = E00738281A37B87A005A2458 /* Project object */;
}
